// !$*UTF8*$!
{
	archiveVersion = 1;
	classes = {
	};
	objectVersion = 46;
	objects = {

/* Begin PBXBuildFile section */
		AA7562D91A1EAC1E003F5F03 /* MultiJokesSelectionController.m in Sources */ = {isa = PBXBuildFile; fileRef = AA7562D81A1EAC1E003F5F03 /* MultiJokesSelectionController.m */; };
		AAC7C6071A3253FA00BF73DC /* JokeParse.m in Sources */ = {isa = PBXBuildFile; fileRef = AAC7C6061A3253FA00BF73DC /* JokeParse.m */; };
		AAC7C60A1A32573F00BF73DC /* ParseDataManager.m in Sources */ = {isa = PBXBuildFile; fileRef = AAC7C6091A32573F00BF73DC /* ParseDataManager.m */; };
		AACA80E21A2D041D0003F9F3 /* UIColor+UIColor_Additions.m in Sources */ = {isa = PBXBuildFile; fileRef = AACA80E11A2D041D0003F9F3 /* UIColor+UIColor_Additions.m */; };
		AACA815C1A25320E0014E86F /* HelpMenuController.m in Sources */ = {isa = PBXBuildFile; fileRef = AACA815B1A25320E0014E86F /* HelpMenuController.m */; };
		AACDCD041A31073600FEF4F2 /* SetToJokeDetailViewController.m in Sources */ = {isa = PBXBuildFile; fileRef = AACDCD031A31073600FEF4F2 /* SetToJokeDetailViewController.m */; };
		AACDCD081A312BD200FEF4F2 /* Bolts.framework in Frameworks */ = {isa = PBXBuildFile; fileRef = AACDCD061A312BD200FEF4F2 /* Bolts.framework */; };
		AACDCD091A312BD200FEF4F2 /* Parse.framework in Frameworks */ = {isa = PBXBuildFile; fileRef = AACDCD071A312BD200FEF4F2 /* Parse.framework */; };
		AACDCD0B1A312BE800FEF4F2 /* AudioToolbox.framework in Frameworks */ = {isa = PBXBuildFile; fileRef = AACDCD0A1A312BE800FEF4F2 /* AudioToolbox.framework */; };
		AACDCD0D1A312BF300FEF4F2 /* CFNetwork.framework in Frameworks */ = {isa = PBXBuildFile; fileRef = AACDCD0C1A312BF300FEF4F2 /* CFNetwork.framework */; };
		AACDCD101A312BFC00FEF4F2 /* CoreGraphics.framework in Frameworks */ = {isa = PBXBuildFile; fileRef = AACDCD0E1A312BFC00FEF4F2 /* CoreGraphics.framework */; };
		AACDCD111A312BFC00FEF4F2 /* CoreLocation.framework in Frameworks */ = {isa = PBXBuildFile; fileRef = AACDCD0F1A312BFC00FEF4F2 /* CoreLocation.framework */; };
		AACDCD131A312C0C00FEF4F2 /* libz.dylib in Frameworks */ = {isa = PBXBuildFile; fileRef = AACDCD121A312C0C00FEF4F2 /* libz.dylib */; };
		AACDCD151A312C1400FEF4F2 /* MobileCoreServices.framework in Frameworks */ = {isa = PBXBuildFile; fileRef = AACDCD141A312C1400FEF4F2 /* MobileCoreServices.framework */; };
		AACDCD171A312C1900FEF4F2 /* QuartzCore.framework in Frameworks */ = {isa = PBXBuildFile; fileRef = AACDCD161A312C1900FEF4F2 /* QuartzCore.framework */; };
		AACDCD191A312C1F00FEF4F2 /* Security.framework in Frameworks */ = {isa = PBXBuildFile; fileRef = AACDCD181A312C1F00FEF4F2 /* Security.framework */; };
		AACDCD1B1A312C2300FEF4F2 /* StoreKit.framework in Frameworks */ = {isa = PBXBuildFile; fileRef = AACDCD1A1A312C2300FEF4F2 /* StoreKit.framework */; };
		AACDCD1D1A312C2A00FEF4F2 /* SystemConfiguration.framework in Frameworks */ = {isa = PBXBuildFile; fileRef = AACDCD1C1A312C2A00FEF4F2 /* SystemConfiguration.framework */; };
		AACDCD1F1A312D0B00FEF4F2 /* Keys.plist in Resources */ = {isa = PBXBuildFile; fileRef = AACDCD1E1A312D0B00FEF4F2 /* Keys.plist */; };
		AAD2772C1A07DC81002AA22B /* main.m in Sources */ = {isa = PBXBuildFile; fileRef = AAD2772B1A07DC81002AA22B /* main.m */; };
		AAD2772F1A07DC82002AA22B /* AppDelegate.m in Sources */ = {isa = PBXBuildFile; fileRef = AAD2772E1A07DC82002AA22B /* AppDelegate.m */; };
		AAD2773A1A07DC82002AA22B /* Images.xcassets in Resources */ = {isa = PBXBuildFile; fileRef = AAD277391A07DC82002AA22B /* Images.xcassets */; };
		AAD2773D1A07DC82002AA22B /* LaunchScreen.xib in Resources */ = {isa = PBXBuildFile; fileRef = AAD2773B1A07DC82002AA22B /* LaunchScreen.xib */; };
		AAD277491A07DC82002AA22B /* Jest_NotesTests.m in Sources */ = {isa = PBXBuildFile; fileRef = AAD277481A07DC82002AA22B /* Jest_NotesTests.m */; };
		AAD277581A07DCD9002AA22B /* HomeViewController.m in Sources */ = {isa = PBXBuildFile; fileRef = AAD277551A07DCD9002AA22B /* HomeViewController.m */; };
		AAD277591A07DCD9002AA22B /* SingleJokeViewController.m in Sources */ = {isa = PBXBuildFile; fileRef = AAD277571A07DCD9002AA22B /* SingleJokeViewController.m */; };
		AAD277681A07DCED002AA22B /* CreateJokeViewController.m in Sources */ = {isa = PBXBuildFile; fileRef = AAD2775B1A07DCED002AA22B /* CreateJokeViewController.m */; };
		AAD277691A07DCED002AA22B /* EditJokeViewController.m in Sources */ = {isa = PBXBuildFile; fileRef = AAD2775D1A07DCED002AA22B /* EditJokeViewController.m */; };
		AAD2776B1A07DCED002AA22B /* JokeDataManager.m in Sources */ = {isa = PBXBuildFile; fileRef = AAD277611A07DCED002AA22B /* JokeDataManager.m */; };
		AAD2776C1A07DCED002AA22B /* Joke.m in Sources */ = {isa = PBXBuildFile; fileRef = AAD277631A07DCED002AA22B /* Joke.m */; };
		AAD2776D1A07DCED002AA22B /* Jest_Notes.xcdatamodeld in Sources */ = {isa = PBXBuildFile; fileRef = AAD277641A07DCED002AA22B /* Jest_Notes.xcdatamodeld */; };
		AAD2776E1A07DCED002AA22B /* NSObject+NSObject___TerryConvenience.m in Sources */ = {isa = PBXBuildFile; fileRef = AAD277671A07DCED002AA22B /* NSObject+NSObject___TerryConvenience.m */; };
		AAD277701A07DDB8002AA22B /* CoreData.framework in Frameworks */ = {isa = PBXBuildFile; fileRef = AAD2776F1A07DDB8002AA22B /* CoreData.framework */; };
		AAD39E681A22A58500AB60FA /* SetCD.m in Sources */ = {isa = PBXBuildFile; fileRef = AAD39E671A22A58500AB60FA /* SetCD.m */; };
		AAD44F781A0D64AB00FDB656 /* Set.m in Sources */ = {isa = PBXBuildFile; fileRef = AAD44F771A0D64AB00FDB656 /* Set.m */; };
		AAD59B8F1A2107BC006B145C /* SetCreateViewController.m in Sources */ = {isa = PBXBuildFile; fileRef = AAD59B8E1A2107BC006B145C /* SetCreateViewController.m */; };
		AAD59B921A210BC8006B145C /* PushNoAnimationSegue.m in Sources */ = {isa = PBXBuildFile; fileRef = AAD59B911A210BC8006B145C /* PushNoAnimationSegue.m */; };
		AAD59B9F1A215A7C006B145C /* SingleSetViewController.m in Sources */ = {isa = PBXBuildFile; fileRef = AAD59B9E1A215A7C006B145C /* SingleSetViewController.m */; };
		AAD7A62E1A1FFE4C00DA8165 /* SetsViewController.m in Sources */ = {isa = PBXBuildFile; fileRef = AAD7A62D1A1FFE4C00DA8165 /* SetsViewController.m */; };
		AAE50A191A36298E00A380A1 /* JokeCD.m in Sources */ = {isa = PBXBuildFile; fileRef = AAE50A181A36298E00A380A1 /* JokeCD.m */; };
		AAE50A221A363F0A00A380A1 /* HomeTabBarController.m in Sources */ = {isa = PBXBuildFile; fileRef = AAE50A211A363F0A00A380A1 /* HomeTabBarController.m */; };
		AAE50A281A3655F800A380A1 /* RKSwipeBetweenViewControllers.m in Sources */ = {isa = PBXBuildFile; fileRef = AAE50A271A3655F800A380A1 /* RKSwipeBetweenViewControllers.m */; };
		AAE5AEE11A0976F800E73566 /* JokeCustomCell.m in Sources */ = {isa = PBXBuildFile; fileRef = AAE5AEE01A0976F800E73566 /* JokeCustomCell.m */; };
		AAE5AEE31A098E9100E73566 /* Main.storyboard in Resources */ = {isa = PBXBuildFile; fileRef = AAE5AEE21A098E9100E73566 /* Main.storyboard */; };
/* End PBXBuildFile section */

/* Begin PBXContainerItemProxy section */
		AAD277431A07DC82002AA22B /* PBXContainerItemProxy */ = {
			isa = PBXContainerItemProxy;
			containerPortal = AAD2771E1A07DC81002AA22B /* Project object */;
			proxyType = 1;
			remoteGlobalIDString = AAD277251A07DC81002AA22B;
			remoteInfo = "Jest Notes";
		};
/* End PBXContainerItemProxy section */

/* Begin PBXFileReference section */
		AA7562D71A1EAC1E003F5F03 /* MultiJokesSelectionController.h */ = {isa = PBXFileReference; fileEncoding = 4; lastKnownFileType = sourcecode.c.h; path = MultiJokesSelectionController.h; sourceTree = "<group>"; };
		AA7562D81A1EAC1E003F5F03 /* MultiJokesSelectionController.m */ = {isa = PBXFileReference; fileEncoding = 4; lastKnownFileType = sourcecode.c.objc; path = MultiJokesSelectionController.m; sourceTree = "<group>"; };
		AAC7C6051A3253FA00BF73DC /* JokeParse.h */ = {isa = PBXFileReference; fileEncoding = 4; lastKnownFileType = sourcecode.c.h; path = JokeParse.h; sourceTree = "<group>"; };
		AAC7C6061A3253FA00BF73DC /* JokeParse.m */ = {isa = PBXFileReference; fileEncoding = 4; lastKnownFileType = sourcecode.c.objc; path = JokeParse.m; sourceTree = "<group>"; };
		AAC7C6081A32573F00BF73DC /* ParseDataManager.h */ = {isa = PBXFileReference; fileEncoding = 4; lastKnownFileType = sourcecode.c.h; path = ParseDataManager.h; sourceTree = "<group>"; };
		AAC7C6091A32573F00BF73DC /* ParseDataManager.m */ = {isa = PBXFileReference; fileEncoding = 4; lastKnownFileType = sourcecode.c.objc; path = ParseDataManager.m; sourceTree = "<group>"; };
		AACA80E01A2D041D0003F9F3 /* UIColor+UIColor_Additions.h */ = {isa = PBXFileReference; fileEncoding = 4; lastKnownFileType = sourcecode.c.h; path = "UIColor+UIColor_Additions.h"; sourceTree = "<group>"; };
		AACA80E11A2D041D0003F9F3 /* UIColor+UIColor_Additions.m */ = {isa = PBXFileReference; fileEncoding = 4; lastKnownFileType = sourcecode.c.objc; path = "UIColor+UIColor_Additions.m"; sourceTree = "<group>"; };
		AACA815A1A25320E0014E86F /* HelpMenuController.h */ = {isa = PBXFileReference; fileEncoding = 4; lastKnownFileType = sourcecode.c.h; path = HelpMenuController.h; sourceTree = "<group>"; };
		AACA815B1A25320E0014E86F /* HelpMenuController.m */ = {isa = PBXFileReference; fileEncoding = 4; lastKnownFileType = sourcecode.c.objc; path = HelpMenuController.m; sourceTree = "<group>"; };
		AACDCD021A31073600FEF4F2 /* SetToJokeDetailViewController.h */ = {isa = PBXFileReference; fileEncoding = 4; lastKnownFileType = sourcecode.c.h; path = SetToJokeDetailViewController.h; sourceTree = "<group>"; };
		AACDCD031A31073600FEF4F2 /* SetToJokeDetailViewController.m */ = {isa = PBXFileReference; fileEncoding = 4; lastKnownFileType = sourcecode.c.objc; path = SetToJokeDetailViewController.m; sourceTree = "<group>"; };
		AACDCD061A312BD200FEF4F2 /* Bolts.framework */ = {isa = PBXFileReference; lastKnownFileType = wrapper.framework; path = Bolts.framework; sourceTree = "<group>"; };
		AACDCD071A312BD200FEF4F2 /* Parse.framework */ = {isa = PBXFileReference; lastKnownFileType = wrapper.framework; path = Parse.framework; sourceTree = "<group>"; };
		AACDCD0A1A312BE800FEF4F2 /* AudioToolbox.framework */ = {isa = PBXFileReference; lastKnownFileType = wrapper.framework; name = AudioToolbox.framework; path = System/Library/Frameworks/AudioToolbox.framework; sourceTree = SDKROOT; };
		AACDCD0C1A312BF300FEF4F2 /* CFNetwork.framework */ = {isa = PBXFileReference; lastKnownFileType = wrapper.framework; name = CFNetwork.framework; path = System/Library/Frameworks/CFNetwork.framework; sourceTree = SDKROOT; };
		AACDCD0E1A312BFC00FEF4F2 /* CoreGraphics.framework */ = {isa = PBXFileReference; lastKnownFileType = wrapper.framework; name = CoreGraphics.framework; path = System/Library/Frameworks/CoreGraphics.framework; sourceTree = SDKROOT; };
		AACDCD0F1A312BFC00FEF4F2 /* CoreLocation.framework */ = {isa = PBXFileReference; lastKnownFileType = wrapper.framework; name = CoreLocation.framework; path = System/Library/Frameworks/CoreLocation.framework; sourceTree = SDKROOT; };
		AACDCD121A312C0C00FEF4F2 /* libz.dylib */ = {isa = PBXFileReference; lastKnownFileType = "compiled.mach-o.dylib"; name = libz.dylib; path = usr/lib/libz.dylib; sourceTree = SDKROOT; };
		AACDCD141A312C1400FEF4F2 /* MobileCoreServices.framework */ = {isa = PBXFileReference; lastKnownFileType = wrapper.framework; name = MobileCoreServices.framework; path = System/Library/Frameworks/MobileCoreServices.framework; sourceTree = SDKROOT; };
		AACDCD161A312C1900FEF4F2 /* QuartzCore.framework */ = {isa = PBXFileReference; lastKnownFileType = wrapper.framework; name = QuartzCore.framework; path = System/Library/Frameworks/QuartzCore.framework; sourceTree = SDKROOT; };
		AACDCD181A312C1F00FEF4F2 /* Security.framework */ = {isa = PBXFileReference; lastKnownFileType = wrapper.framework; name = Security.framework; path = System/Library/Frameworks/Security.framework; sourceTree = SDKROOT; };
		AACDCD1A1A312C2300FEF4F2 /* StoreKit.framework */ = {isa = PBXFileReference; lastKnownFileType = wrapper.framework; name = StoreKit.framework; path = System/Library/Frameworks/StoreKit.framework; sourceTree = SDKROOT; };
		AACDCD1C1A312C2A00FEF4F2 /* SystemConfiguration.framework */ = {isa = PBXFileReference; lastKnownFileType = wrapper.framework; name = SystemConfiguration.framework; path = System/Library/Frameworks/SystemConfiguration.framework; sourceTree = SDKROOT; };
		AACDCD1E1A312D0B00FEF4F2 /* Keys.plist */ = {isa = PBXFileReference; fileEncoding = 4; lastKnownFileType = text.plist.xml; path = Keys.plist; sourceTree = "<group>"; };
		AAD277261A07DC81002AA22B /* Jest Notes.app */ = {isa = PBXFileReference; explicitFileType = wrapper.application; includeInIndex = 0; path = "Jest Notes.app"; sourceTree = BUILT_PRODUCTS_DIR; };
		AAD2772A1A07DC81002AA22B /* Info.plist */ = {isa = PBXFileReference; lastKnownFileType = text.plist.xml; path = Info.plist; sourceTree = "<group>"; };
		AAD2772B1A07DC81002AA22B /* main.m */ = {isa = PBXFileReference; lastKnownFileType = sourcecode.c.objc; path = main.m; sourceTree = "<group>"; };
		AAD2772D1A07DC81002AA22B /* AppDelegate.h */ = {isa = PBXFileReference; lastKnownFileType = sourcecode.c.h; path = AppDelegate.h; sourceTree = "<group>"; };
		AAD2772E1A07DC82002AA22B /* AppDelegate.m */ = {isa = PBXFileReference; lastKnownFileType = sourcecode.c.objc; path = AppDelegate.m; sourceTree = "<group>"; };
		AAD277391A07DC82002AA22B /* Images.xcassets */ = {isa = PBXFileReference; lastKnownFileType = folder.assetcatalog; path = Images.xcassets; sourceTree = "<group>"; };
		AAD2773C1A07DC82002AA22B /* Base */ = {isa = PBXFileReference; lastKnownFileType = file.xib; name = Base; path = Base.lproj/LaunchScreen.xib; sourceTree = "<group>"; };
		AAD277421A07DC82002AA22B /* Jest NotesTests.xctest */ = {isa = PBXFileReference; explicitFileType = wrapper.cfbundle; includeInIndex = 0; path = "Jest NotesTests.xctest"; sourceTree = BUILT_PRODUCTS_DIR; };
		AAD277471A07DC82002AA22B /* Info.plist */ = {isa = PBXFileReference; lastKnownFileType = text.plist.xml; path = Info.plist; sourceTree = "<group>"; };
		AAD277481A07DC82002AA22B /* Jest_NotesTests.m */ = {isa = PBXFileReference; lastKnownFileType = sourcecode.c.objc; path = Jest_NotesTests.m; sourceTree = "<group>"; };
		AAD277541A07DCD9002AA22B /* HomeViewController.h */ = {isa = PBXFileReference; fileEncoding = 4; lastKnownFileType = sourcecode.c.h; path = HomeViewController.h; sourceTree = "<group>"; };
		AAD277551A07DCD9002AA22B /* HomeViewController.m */ = {isa = PBXFileReference; fileEncoding = 4; lastKnownFileType = sourcecode.c.objc; path = HomeViewController.m; sourceTree = "<group>"; };
		AAD277561A07DCD9002AA22B /* SingleJokeViewController.h */ = {isa = PBXFileReference; fileEncoding = 4; lastKnownFileType = sourcecode.c.h; path = SingleJokeViewController.h; sourceTree = "<group>"; };
		AAD277571A07DCD9002AA22B /* SingleJokeViewController.m */ = {isa = PBXFileReference; fileEncoding = 4; lastKnownFileType = sourcecode.c.objc; path = SingleJokeViewController.m; sourceTree = "<group>"; };
		AAD2775A1A07DCED002AA22B /* CreateJokeViewController.h */ = {isa = PBXFileReference; fileEncoding = 4; lastKnownFileType = sourcecode.c.h; path = CreateJokeViewController.h; sourceTree = "<group>"; };
		AAD2775B1A07DCED002AA22B /* CreateJokeViewController.m */ = {isa = PBXFileReference; fileEncoding = 4; lastKnownFileType = sourcecode.c.objc; path = CreateJokeViewController.m; sourceTree = "<group>"; };
		AAD2775C1A07DCED002AA22B /* EditJokeViewController.h */ = {isa = PBXFileReference; fileEncoding = 4; lastKnownFileType = sourcecode.c.h; path = EditJokeViewController.h; sourceTree = "<group>"; };
		AAD2775D1A07DCED002AA22B /* EditJokeViewController.m */ = {isa = PBXFileReference; fileEncoding = 4; lastKnownFileType = sourcecode.c.objc; path = EditJokeViewController.m; sourceTree = "<group>"; };
		AAD277601A07DCED002AA22B /* JokeDataManager.h */ = {isa = PBXFileReference; fileEncoding = 4; lastKnownFileType = sourcecode.c.h; path = JokeDataManager.h; sourceTree = "<group>"; };
		AAD277611A07DCED002AA22B /* JokeDataManager.m */ = {isa = PBXFileReference; fileEncoding = 4; lastKnownFileType = sourcecode.c.objc; path = JokeDataManager.m; sourceTree = "<group>"; };
		AAD277621A07DCED002AA22B /* Joke.h */ = {isa = PBXFileReference; fileEncoding = 4; lastKnownFileType = sourcecode.c.h; path = Joke.h; sourceTree = "<group>"; };
		AAD277631A07DCED002AA22B /* Joke.m */ = {isa = PBXFileReference; fileEncoding = 4; lastKnownFileType = sourcecode.c.objc; path = Joke.m; sourceTree = "<group>"; };
		AAD277651A07DCED002AA22B /* Jest_Notes.xcdatamodel */ = {isa = PBXFileReference; lastKnownFileType = wrapper.xcdatamodel; path = Jest_Notes.xcdatamodel; sourceTree = "<group>"; };
		AAD277661A07DCED002AA22B /* NSObject+NSObject___TerryConvenience.h */ = {isa = PBXFileReference; fileEncoding = 4; lastKnownFileType = sourcecode.c.h; path = "NSObject+NSObject___TerryConvenience.h"; sourceTree = "<group>"; };
		AAD277671A07DCED002AA22B /* NSObject+NSObject___TerryConvenience.m */ = {isa = PBXFileReference; fileEncoding = 4; lastKnownFileType = sourcecode.c.objc; path = "NSObject+NSObject___TerryConvenience.m"; sourceTree = "<group>"; };
		AAD2776F1A07DDB8002AA22B /* CoreData.framework */ = {isa = PBXFileReference; lastKnownFileType = wrapper.framework; name = CoreData.framework; path = System/Library/Frameworks/CoreData.framework; sourceTree = SDKROOT; };
		AAD39E661A22A58500AB60FA /* SetCD.h */ = {isa = PBXFileReference; fileEncoding = 4; lastKnownFileType = sourcecode.c.h; path = SetCD.h; sourceTree = SOURCE_ROOT; };
		AAD39E671A22A58500AB60FA /* SetCD.m */ = {isa = PBXFileReference; fileEncoding = 4; lastKnownFileType = sourcecode.c.objc; path = SetCD.m; sourceTree = SOURCE_ROOT; };
		AAD44F761A0D64AB00FDB656 /* Set.h */ = {isa = PBXFileReference; fileEncoding = 4; lastKnownFileType = sourcecode.c.h; path = Set.h; sourceTree = "<group>"; };
		AAD44F771A0D64AB00FDB656 /* Set.m */ = {isa = PBXFileReference; fileEncoding = 4; lastKnownFileType = sourcecode.c.objc; path = Set.m; sourceTree = "<group>"; };
		AAD59B8D1A2107BC006B145C /* SetCreateViewController.h */ = {isa = PBXFileReference; fileEncoding = 4; lastKnownFileType = sourcecode.c.h; path = SetCreateViewController.h; sourceTree = "<group>"; };
		AAD59B8E1A2107BC006B145C /* SetCreateViewController.m */ = {isa = PBXFileReference; fileEncoding = 4; lastKnownFileType = sourcecode.c.objc; path = SetCreateViewController.m; sourceTree = "<group>"; };
		AAD59B901A210BC8006B145C /* PushNoAnimationSegue.h */ = {isa = PBXFileReference; fileEncoding = 4; lastKnownFileType = sourcecode.c.h; path = PushNoAnimationSegue.h; sourceTree = "<group>"; };
		AAD59B911A210BC8006B145C /* PushNoAnimationSegue.m */ = {isa = PBXFileReference; fileEncoding = 4; lastKnownFileType = sourcecode.c.objc; path = PushNoAnimationSegue.m; sourceTree = "<group>"; };
		AAD59B9D1A215A7C006B145C /* SingleSetViewController.h */ = {isa = PBXFileReference; fileEncoding = 4; lastKnownFileType = sourcecode.c.h; path = SingleSetViewController.h; sourceTree = "<group>"; };
		AAD59B9E1A215A7C006B145C /* SingleSetViewController.m */ = {isa = PBXFileReference; fileEncoding = 4; lastKnownFileType = sourcecode.c.objc; path = SingleSetViewController.m; sourceTree = "<group>"; };
		AAD7A62C1A1FFE4C00DA8165 /* SetsViewController.h */ = {isa = PBXFileReference; fileEncoding = 4; lastKnownFileType = sourcecode.c.h; path = SetsViewController.h; sourceTree = "<group>"; };
		AAD7A62D1A1FFE4C00DA8165 /* SetsViewController.m */ = {isa = PBXFileReference; fileEncoding = 4; lastKnownFileType = sourcecode.c.objc; path = SetsViewController.m; sourceTree = "<group>"; };
		AAE50A171A36298E00A380A1 /* JokeCD.h */ = {isa = PBXFileReference; fileEncoding = 4; lastKnownFileType = sourcecode.c.h; path = JokeCD.h; sourceTree = "<group>"; };
		AAE50A181A36298E00A380A1 /* JokeCD.m */ = {isa = PBXFileReference; fileEncoding = 4; lastKnownFileType = sourcecode.c.objc; path = JokeCD.m; sourceTree = "<group>"; };
		AAE50A201A363F0A00A380A1 /* HomeTabBarController.h */ = {isa = PBXFileReference; fileEncoding = 4; lastKnownFileType = sourcecode.c.h; path = HomeTabBarController.h; sourceTree = "<group>"; };
		AAE50A211A363F0A00A380A1 /* HomeTabBarController.m */ = {isa = PBXFileReference; fileEncoding = 4; lastKnownFileType = sourcecode.c.objc; path = HomeTabBarController.m; sourceTree = "<group>"; };
		AAE50A261A3655F800A380A1 /* RKSwipeBetweenViewControllers.h */ = {isa = PBXFileReference; fileEncoding = 4; lastKnownFileType = sourcecode.c.h; path = RKSwipeBetweenViewControllers.h; sourceTree = "<group>"; };
		AAE50A271A3655F800A380A1 /* RKSwipeBetweenViewControllers.m */ = {isa = PBXFileReference; fileEncoding = 4; lastKnownFileType = sourcecode.c.objc; path = RKSwipeBetweenViewControllers.m; sourceTree = "<group>"; };
		AAE5AEDF1A0976F800E73566 /* JokeCustomCell.h */ = {isa = PBXFileReference; fileEncoding = 4; lastKnownFileType = sourcecode.c.h; path = JokeCustomCell.h; sourceTree = "<group>"; };
		AAE5AEE01A0976F800E73566 /* JokeCustomCell.m */ = {isa = PBXFileReference; fileEncoding = 4; lastKnownFileType = sourcecode.c.objc; path = JokeCustomCell.m; sourceTree = "<group>"; };
		AAE5AEE21A098E9100E73566 /* Main.storyboard */ = {isa = PBXFileReference; fileEncoding = 4; lastKnownFileType = file.storyboard; path = Main.storyboard; sourceTree = "<group>"; };
/* End PBXFileReference section */

/* Begin PBXFrameworksBuildPhase section */
		AAD277231A07DC81002AA22B /* Frameworks */ = {
			isa = PBXFrameworksBuildPhase;
			buildActionMask = 2147483647;
			files = (
				AACDCD1D1A312C2A00FEF4F2 /* SystemConfiguration.framework in Frameworks */,
				AACDCD1B1A312C2300FEF4F2 /* StoreKit.framework in Frameworks */,
				AACDCD191A312C1F00FEF4F2 /* Security.framework in Frameworks */,
				AACDCD171A312C1900FEF4F2 /* QuartzCore.framework in Frameworks */,
				AACDCD151A312C1400FEF4F2 /* MobileCoreServices.framework in Frameworks */,
				AACDCD131A312C0C00FEF4F2 /* libz.dylib in Frameworks */,
				AACDCD101A312BFC00FEF4F2 /* CoreGraphics.framework in Frameworks */,
				AACDCD111A312BFC00FEF4F2 /* CoreLocation.framework in Frameworks */,
				AACDCD0D1A312BF300FEF4F2 /* CFNetwork.framework in Frameworks */,
				AACDCD0B1A312BE800FEF4F2 /* AudioToolbox.framework in Frameworks */,
				AAD277701A07DDB8002AA22B /* CoreData.framework in Frameworks */,
				AACDCD091A312BD200FEF4F2 /* Parse.framework in Frameworks */,
				AACDCD081A312BD200FEF4F2 /* Bolts.framework in Frameworks */,
			);
			runOnlyForDeploymentPostprocessing = 0;
		};
		AAD2773F1A07DC82002AA22B /* Frameworks */ = {
			isa = PBXFrameworksBuildPhase;
			buildActionMask = 2147483647;
			files = (
			);
			runOnlyForDeploymentPostprocessing = 0;
		};
/* End PBXFrameworksBuildPhase section */

/* Begin PBXGroup section */
		AACDCD051A312BBB00FEF4F2 /* Frameworks */ = {
			isa = PBXGroup;
			children = (
				AACDCD1C1A312C2A00FEF4F2 /* SystemConfiguration.framework */,
				AACDCD1A1A312C2300FEF4F2 /* StoreKit.framework */,
				AACDCD181A312C1F00FEF4F2 /* Security.framework */,
				AACDCD161A312C1900FEF4F2 /* QuartzCore.framework */,
				AACDCD141A312C1400FEF4F2 /* MobileCoreServices.framework */,
				AACDCD121A312C0C00FEF4F2 /* libz.dylib */,
				AACDCD0E1A312BFC00FEF4F2 /* CoreGraphics.framework */,
				AACDCD0F1A312BFC00FEF4F2 /* CoreLocation.framework */,
				AACDCD0C1A312BF300FEF4F2 /* CFNetwork.framework */,
				AACDCD0A1A312BE800FEF4F2 /* AudioToolbox.framework */,
				AACDCD061A312BD200FEF4F2 /* Bolts.framework */,
				AACDCD071A312BD200FEF4F2 /* Parse.framework */,
				AAD2776F1A07DDB8002AA22B /* CoreData.framework */,
			);
			name = Frameworks;
			sourceTree = "<group>";
		};
		AAD2771D1A07DC81002AA22B = {
			isa = PBXGroup;
			children = (
				AACDCD051A312BBB00FEF4F2 /* Frameworks */,
				AAD277281A07DC81002AA22B /* Jest Notes */,
				AAD277451A07DC82002AA22B /* Jest NotesTests */,
				AAD277271A07DC81002AA22B /* Products */,
			);
			sourceTree = "<group>";
		};
		AAD277271A07DC81002AA22B /* Products */ = {
			isa = PBXGroup;
			children = (
				AAD277261A07DC81002AA22B /* Jest Notes.app */,
				AAD277421A07DC82002AA22B /* Jest NotesTests.xctest */,
			);
			name = Products;
			sourceTree = "<group>";
		};
		AAD277281A07DC81002AA22B /* Jest Notes */ = {
			isa = PBXGroup;
			children = (
				AAD2772D1A07DC81002AA22B /* AppDelegate.h */,
				AAD2772E1A07DC82002AA22B /* AppDelegate.m */,
				AACDCD1E1A312D0B00FEF4F2 /* Keys.plist */,
				AAE5AEE21A098E9100E73566 /* Main.storyboard */,
				AAD277391A07DC82002AA22B /* Images.xcassets */,
				AAE50A261A3655F800A380A1 /* RKSwipeBetweenViewControllers.h */,
				AAE50A271A3655F800A380A1 /* RKSwipeBetweenViewControllers.m */,
				AAD59B961A21112F006B145C /* View Controllers */,
				AAD59B931A210EA5006B145C /* Data Objects */,
				AAD59B951A2110EB006B145C /* Categories & Custom Views */,
				AAD2773B1A07DC82002AA22B /* LaunchScreen.xib */,
				AAD277291A07DC81002AA22B /* Supporting Files */,
			);
			path = "Jest Notes";
			sourceTree = "<group>";
		};
		AAD277291A07DC81002AA22B /* Supporting Files */ = {
			isa = PBXGroup;
			children = (
				AAD2772A1A07DC81002AA22B /* Info.plist */,
				AAD2772B1A07DC81002AA22B /* main.m */,
			);
			name = "Supporting Files";
			sourceTree = "<group>";
		};
		AAD277451A07DC82002AA22B /* Jest NotesTests */ = {
			isa = PBXGroup;
			children = (
				AAD277481A07DC82002AA22B /* Jest_NotesTests.m */,
				AAD277461A07DC82002AA22B /* Supporting Files */,
			);
			path = "Jest NotesTests";
			sourceTree = "<group>";
		};
		AAD277461A07DC82002AA22B /* Supporting Files */ = {
			isa = PBXGroup;
			children = (
				AAD277471A07DC82002AA22B /* Info.plist */,
			);
			name = "Supporting Files";
			sourceTree = "<group>";
		};
		AAD59B931A210EA5006B145C /* Data Objects */ = {
			isa = PBXGroup;
			children = (
				AAD277601A07DCED002AA22B /* JokeDataManager.h */,
				AAD277611A07DCED002AA22B /* JokeDataManager.m */,
				AAC7C6081A32573F00BF73DC /* ParseDataManager.h */,
				AAC7C6091A32573F00BF73DC /* ParseDataManager.m */,
				AAD277621A07DCED002AA22B /* Joke.h */,
				AAD277631A07DCED002AA22B /* Joke.m */,
				AAD277641A07DCED002AA22B /* Jest_Notes.xcdatamodeld */,
				AAE50A171A36298E00A380A1 /* JokeCD.h */,
				AAE50A181A36298E00A380A1 /* JokeCD.m */,
				AAC7C6051A3253FA00BF73DC /* JokeParse.h */,
				AAC7C6061A3253FA00BF73DC /* JokeParse.m */,
				AAD44F761A0D64AB00FDB656 /* Set.h */,
				AAD44F771A0D64AB00FDB656 /* Set.m */,
				AAD39E661A22A58500AB60FA /* SetCD.h */,
				AAD39E671A22A58500AB60FA /* SetCD.m */,
			);
			name = "Data Objects";
			sourceTree = "<group>";
		};
		AAD59B951A2110EB006B145C /* Categories & Custom Views */ = {
			isa = PBXGroup;
			children = (
				AAD277661A07DCED002AA22B /* NSObject+NSObject___TerryConvenience.h */,
				AAD277671A07DCED002AA22B /* NSObject+NSObject___TerryConvenience.m */,
				AACA80E01A2D041D0003F9F3 /* UIColor+UIColor_Additions.h */,
				AACA80E11A2D041D0003F9F3 /* UIColor+UIColor_Additions.m */,
				AAD59B901A210BC8006B145C /* PushNoAnimationSegue.h */,
				AAD59B911A210BC8006B145C /* PushNoAnimationSegue.m */,
				AAE5AEDF1A0976F800E73566 /* JokeCustomCell.h */,
				AAE5AEE01A0976F800E73566 /* JokeCustomCell.m */,
			);
			name = "Categories & Custom Views";
			sourceTree = "<group>";
		};
		AAD59B961A21112F006B145C /* View Controllers */ = {
			isa = PBXGroup;
			children = (
				AAE50A201A363F0A00A380A1 /* HomeTabBarController.h */,
				AAE50A211A363F0A00A380A1 /* HomeTabBarController.m */,
				AAD277541A07DCD9002AA22B /* HomeViewController.h */,
				AAD277551A07DCD9002AA22B /* HomeViewController.m */,
				AAD277561A07DCD9002AA22B /* SingleJokeViewController.h */,
				AAD277571A07DCD9002AA22B /* SingleJokeViewController.m */,
				AAD2775A1A07DCED002AA22B /* CreateJokeViewController.h */,
				AAD2775B1A07DCED002AA22B /* CreateJokeViewController.m */,
				AAD2775C1A07DCED002AA22B /* EditJokeViewController.h */,
				AAD2775D1A07DCED002AA22B /* EditJokeViewController.m */,
				AA7562D71A1EAC1E003F5F03 /* MultiJokesSelectionController.h */,
				AA7562D81A1EAC1E003F5F03 /* MultiJokesSelectionController.m */,
				AAD59B8D1A2107BC006B145C /* SetCreateViewController.h */,
				AAD59B8E1A2107BC006B145C /* SetCreateViewController.m */,
				AAD7A62C1A1FFE4C00DA8165 /* SetsViewController.h */,
				AAD7A62D1A1FFE4C00DA8165 /* SetsViewController.m */,
				AAD59B9D1A215A7C006B145C /* SingleSetViewController.h */,
				AAD59B9E1A215A7C006B145C /* SingleSetViewController.m */,
				AACDCD021A31073600FEF4F2 /* SetToJokeDetailViewController.h */,
				AACDCD031A31073600FEF4F2 /* SetToJokeDetailViewController.m */,
				AACA815A1A25320E0014E86F /* HelpMenuController.h */,
				AACA815B1A25320E0014E86F /* HelpMenuController.m */,
			);
			name = "View Controllers";
			sourceTree = "<group>";
		};
/* End PBXGroup section */

/* Begin PBXNativeTarget section */
		AAD277251A07DC81002AA22B /* Jest Notes */ = {
			isa = PBXNativeTarget;
			buildConfigurationList = AAD2774C1A07DC82002AA22B /* Build configuration list for PBXNativeTarget "Jest Notes" */;
			buildPhases = (
				AAD277221A07DC81002AA22B /* Sources */,
				AAD277231A07DC81002AA22B /* Frameworks */,
				AAD277241A07DC81002AA22B /* Resources */,
			);
			buildRules = (
			);
			dependencies = (
			);
			name = "Jest Notes";
			productName = "Jest Notes";
			productReference = AAD277261A07DC81002AA22B /* Jest Notes.app */;
			productType = "com.apple.product-type.application";
		};
		AAD277411A07DC82002AA22B /* Jest NotesTests */ = {
			isa = PBXNativeTarget;
			buildConfigurationList = AAD2774F1A07DC82002AA22B /* Build configuration list for PBXNativeTarget "Jest NotesTests" */;
			buildPhases = (
				AAD2773E1A07DC82002AA22B /* Sources */,
				AAD2773F1A07DC82002AA22B /* Frameworks */,
				AAD277401A07DC82002AA22B /* Resources */,
			);
			buildRules = (
			);
			dependencies = (
				AAD277441A07DC82002AA22B /* PBXTargetDependency */,
			);
			name = "Jest NotesTests";
			productName = "Jest NotesTests";
			productReference = AAD277421A07DC82002AA22B /* Jest NotesTests.xctest */;
			productType = "com.apple.product-type.bundle.unit-test";
		};
/* End PBXNativeTarget section */

/* Begin PBXProject section */
		AAD2771E1A07DC81002AA22B /* Project object */ = {
			isa = PBXProject;
			attributes = {
				LastUpgradeCheck = 0610;
				ORGANIZATIONNAME = TerryBuOrganization;
				TargetAttributes = {
					AAD277251A07DC81002AA22B = {
						CreatedOnToolsVersion = 6.1;
					};
					AAD277411A07DC82002AA22B = {
						CreatedOnToolsVersion = 6.1;
						TestTargetID = AAD277251A07DC81002AA22B;
					};
				};
			};
			buildConfigurationList = AAD277211A07DC81002AA22B /* Build configuration list for PBXProject "Jest Notes" */;
			compatibilityVersion = "Xcode 3.2";
			developmentRegion = English;
			hasScannedForEncodings = 0;
			knownRegions = (
				en,
				Base,
			);
			mainGroup = AAD2771D1A07DC81002AA22B;
			productRefGroup = AAD277271A07DC81002AA22B /* Products */;
			projectDirPath = "";
			projectRoot = "";
			targets = (
				AAD277251A07DC81002AA22B /* Jest Notes */,
				AAD277411A07DC82002AA22B /* Jest NotesTests */,
			);
		};
/* End PBXProject section */

/* Begin PBXResourcesBuildPhase section */
		AAD277241A07DC81002AA22B /* Resources */ = {
			isa = PBXResourcesBuildPhase;
			buildActionMask = 2147483647;
			files = (
				AACDCD1F1A312D0B00FEF4F2 /* Keys.plist in Resources */,
				AAE5AEE31A098E9100E73566 /* Main.storyboard in Resources */,
				AAD2773D1A07DC82002AA22B /* LaunchScreen.xib in Resources */,
				AAD2773A1A07DC82002AA22B /* Images.xcassets in Resources */,
			);
			runOnlyForDeploymentPostprocessing = 0;
		};
		AAD277401A07DC82002AA22B /* Resources */ = {
			isa = PBXResourcesBuildPhase;
			buildActionMask = 2147483647;
			files = (
			);
			runOnlyForDeploymentPostprocessing = 0;
		};
/* End PBXResourcesBuildPhase section */

/* Begin PBXSourcesBuildPhase section */
		AAD277221A07DC81002AA22B /* Sources */ = {
			isa = PBXSourcesBuildPhase;
			buildActionMask = 2147483647;
			files = (
				AA7562D91A1EAC1E003F5F03 /* MultiJokesSelectionController.m in Sources */,
				AAE50A221A363F0A00A380A1 /* HomeTabBarController.m in Sources */,
				AAD39E681A22A58500AB60FA /* SetCD.m in Sources */,
				AAE50A191A36298E00A380A1 /* JokeCD.m in Sources */,
				AAD2772F1A07DC82002AA22B /* AppDelegate.m in Sources */,
				AAD277681A07DCED002AA22B /* CreateJokeViewController.m in Sources */,
				AAD277691A07DCED002AA22B /* EditJokeViewController.m in Sources */,
				AAE5AEE11A0976F800E73566 /* JokeCustomCell.m in Sources */,
				AAD2776E1A07DCED002AA22B /* NSObject+NSObject___TerryConvenience.m in Sources */,
				AAD277581A07DCD9002AA22B /* HomeViewController.m in Sources */,
				AAD2776C1A07DCED002AA22B /* Joke.m in Sources */,
				AAD59B9F1A215A7C006B145C /* SingleSetViewController.m in Sources */,
				AACA815C1A25320E0014E86F /* HelpMenuController.m in Sources */,
				AAD7A62E1A1FFE4C00DA8165 /* SetsViewController.m in Sources */,
				AAC7C60A1A32573F00BF73DC /* ParseDataManager.m in Sources */,
				AAD2772C1A07DC81002AA22B /* main.m in Sources */,
				AAC7C6071A3253FA00BF73DC /* JokeParse.m in Sources */,
				AAD44F781A0D64AB00FDB656 /* Set.m in Sources */,
				AAD2776B1A07DCED002AA22B /* JokeDataManager.m in Sources */,
				AAD277591A07DCD9002AA22B /* SingleJokeViewController.m in Sources */,
				AAD59B8F1A2107BC006B145C /* SetCreateViewController.m in Sources */,
				AACDCD041A31073600FEF4F2 /* SetToJokeDetailViewController.m in Sources */,
				AAD2776D1A07DCED002AA22B /* Jest_Notes.xcdatamodeld in Sources */,
				AAD59B921A210BC8006B145C /* PushNoAnimationSegue.m in Sources */,
				AACA80E21A2D041D0003F9F3 /* UIColor+UIColor_Additions.m in Sources */,
				AAE50A281A3655F800A380A1 /* RKSwipeBetweenViewControllers.m in Sources */,
			);
			runOnlyForDeploymentPostprocessing = 0;
		};
		AAD2773E1A07DC82002AA22B /* Sources */ = {
			isa = PBXSourcesBuildPhase;
			buildActionMask = 2147483647;
			files = (
				AAD277491A07DC82002AA22B /* Jest_NotesTests.m in Sources */,
			);
			runOnlyForDeploymentPostprocessing = 0;
		};
/* End PBXSourcesBuildPhase section */

/* Begin PBXTargetDependency section */
		AAD277441A07DC82002AA22B /* PBXTargetDependency */ = {
			isa = PBXTargetDependency;
			target = AAD277251A07DC81002AA22B /* Jest Notes */;
			targetProxy = AAD277431A07DC82002AA22B /* PBXContainerItemProxy */;
		};
/* End PBXTargetDependency section */

/* Begin PBXVariantGroup section */
		AAD2773B1A07DC82002AA22B /* LaunchScreen.xib */ = {
			isa = PBXVariantGroup;
			children = (
				AAD2773C1A07DC82002AA22B /* Base */,
			);
			name = LaunchScreen.xib;
			sourceTree = "<group>";
		};
/* End PBXVariantGroup section */

/* Begin XCBuildConfiguration section */
		AAD2774A1A07DC82002AA22B /* Debug */ = {
			isa = XCBuildConfiguration;
			buildSettings = {
				ALWAYS_SEARCH_USER_PATHS = NO;
				CLANG_CXX_LANGUAGE_STANDARD = "gnu++0x";
				CLANG_CXX_LIBRARY = "libc++";
				CLANG_ENABLE_MODULES = YES;
				CLANG_ENABLE_OBJC_ARC = YES;
				CLANG_WARN_BOOL_CONVERSION = YES;
				CLANG_WARN_CONSTANT_CONVERSION = YES;
				CLANG_WARN_DIRECT_OBJC_ISA_USAGE = YES_ERROR;
				CLANG_WARN_EMPTY_BODY = YES;
				CLANG_WARN_ENUM_CONVERSION = YES;
				CLANG_WARN_INT_CONVERSION = YES;
				CLANG_WARN_OBJC_ROOT_CLASS = YES_ERROR;
				CLANG_WARN_UNREACHABLE_CODE = YES;
				CLANG_WARN__DUPLICATE_METHOD_MATCH = YES;
				"CODE_SIGN_IDENTITY[sdk=iphoneos*]" = "iPhone Developer";
				COPY_PHASE_STRIP = NO;
				ENABLE_STRICT_OBJC_MSGSEND = YES;
				GCC_C_LANGUAGE_STANDARD = gnu99;
				GCC_DYNAMIC_NO_PIC = NO;
				GCC_OPTIMIZATION_LEVEL = 0;
				GCC_PREPROCESSOR_DEFINITIONS = (
					"DEBUG=1",
					"$(inherited)",
				);
				GCC_SYMBOLS_PRIVATE_EXTERN = NO;
				GCC_WARN_64_TO_32_BIT_CONVERSION = YES;
				GCC_WARN_ABOUT_RETURN_TYPE = YES_ERROR;
				GCC_WARN_UNDECLARED_SELECTOR = YES;
				GCC_WARN_UNINITIALIZED_AUTOS = YES_AGGRESSIVE;
				GCC_WARN_UNUSED_FUNCTION = YES;
				GCC_WARN_UNUSED_VARIABLE = YES;
				IPHONEOS_DEPLOYMENT_TARGET = 8.1;
				MTL_ENABLE_DEBUG_INFO = YES;
				ONLY_ACTIVE_ARCH = YES;
				SDKROOT = iphoneos;
				TARGETED_DEVICE_FAMILY = "1,2";
			};
			name = Debug;
		};
		AAD2774B1A07DC82002AA22B /* Release */ = {
			isa = XCBuildConfiguration;
			buildSettings = {
				ALWAYS_SEARCH_USER_PATHS = NO;
				CLANG_CXX_LANGUAGE_STANDARD = "gnu++0x";
				CLANG_CXX_LIBRARY = "libc++";
				CLANG_ENABLE_MODULES = YES;
				CLANG_ENABLE_OBJC_ARC = YES;
				CLANG_WARN_BOOL_CONVERSION = YES;
				CLANG_WARN_CONSTANT_CONVERSION = YES;
				CLANG_WARN_DIRECT_OBJC_ISA_USAGE = YES_ERROR;
				CLANG_WARN_EMPTY_BODY = YES;
				CLANG_WARN_ENUM_CONVERSION = YES;
				CLANG_WARN_INT_CONVERSION = YES;
				CLANG_WARN_OBJC_ROOT_CLASS = YES_ERROR;
				CLANG_WARN_UNREACHABLE_CODE = YES;
				CLANG_WARN__DUPLICATE_METHOD_MATCH = YES;
				"CODE_SIGN_IDENTITY[sdk=iphoneos*]" = "iPhone Developer";
				COPY_PHASE_STRIP = YES;
				ENABLE_NS_ASSERTIONS = NO;
				ENABLE_STRICT_OBJC_MSGSEND = YES;
				GCC_C_LANGUAGE_STANDARD = gnu99;
				GCC_WARN_64_TO_32_BIT_CONVERSION = YES;
				GCC_WARN_ABOUT_RETURN_TYPE = YES_ERROR;
				GCC_WARN_UNDECLARED_SELECTOR = YES;
				GCC_WARN_UNINITIALIZED_AUTOS = YES_AGGRESSIVE;
				GCC_WARN_UNUSED_FUNCTION = YES;
				GCC_WARN_UNUSED_VARIABLE = YES;
				IPHONEOS_DEPLOYMENT_TARGET = 8.1;
				MTL_ENABLE_DEBUG_INFO = NO;
				SDKROOT = iphoneos;
				TARGETED_DEVICE_FAMILY = "1,2";
				VALIDATE_PRODUCT = YES;
			};
			name = Release;
		};
		AAD2774D1A07DC82002AA22B /* Debug */ = {
			isa = XCBuildConfiguration;
			buildSettings = {
				ASSETCATALOG_COMPILER_APPICON_NAME = AppIcon;
				FRAMEWORK_SEARCH_PATHS = (
					"$(inherited)",
					"$(PROJECT_DIR)",
				);
				INFOPLIST_FILE = "Jest Notes/Info.plist";
				LD_RUNPATH_SEARCH_PATHS = "$(inherited) @executable_path/Frameworks";
				PRODUCT_NAME = "$(TARGET_NAME)";
			};
			name = Debug;
		};
		AAD2774E1A07DC82002AA22B /* Release */ = {
			isa = XCBuildConfiguration;
			buildSettings = {
				ASSETCATALOG_COMPILER_APPICON_NAME = AppIcon;
				FRAMEWORK_SEARCH_PATHS = (
					"$(inherited)",
					"$(PROJECT_DIR)",
				);
				INFOPLIST_FILE = "Jest Notes/Info.plist";
				LD_RUNPATH_SEARCH_PATHS = "$(inherited) @executable_path/Frameworks";
				PRODUCT_NAME = "$(TARGET_NAME)";
			};
			name = Release;
		};
		AAD277501A07DC82002AA22B /* Debug */ = {
			isa = XCBuildConfiguration;
			buildSettings = {
				BUNDLE_LOADER = "$(TEST_HOST)";
				FRAMEWORK_SEARCH_PATHS = (
					"$(SDKROOT)/Developer/Library/Frameworks",
					"$(inherited)",
				);
				GCC_PREPROCESSOR_DEFINITIONS = (
					"DEBUG=1",
					"$(inherited)",
				);
				INFOPLIST_FILE = "Jest NotesTests/Info.plist";
				LD_RUNPATH_SEARCH_PATHS = "$(inherited) @executable_path/Frameworks @loader_path/Frameworks";
				PRODUCT_NAME = "$(TARGET_NAME)";
				TEST_HOST = "$(BUILT_PRODUCTS_DIR)/Jest Notes.app/Jest Notes";
			};
			name = Debug;
		};
		AAD277511A07DC82002AA22B /* Release */ = {
			isa = XCBuildConfiguration;
			buildSettings = {
				BUNDLE_LOADER = "$(TEST_HOST)";
				FRAMEWORK_SEARCH_PATHS = (
					"$(SDKROOT)/Developer/Library/Frameworks",
					"$(inherited)",
				);
				INFOPLIST_FILE = "Jest NotesTests/Info.plist";
				LD_RUNPATH_SEARCH_PATHS = "$(inherited) @executable_path/Frameworks @loader_path/Frameworks";
				PRODUCT_NAME = "$(TARGET_NAME)";
				TEST_HOST = "$(BUILT_PRODUCTS_DIR)/Jest Notes.app/Jest Notes";
			};
			name = Release;
		};
/* End XCBuildConfiguration section */

/* Begin XCConfigurationList section */
		AAD277211A07DC81002AA22B /* Build configuration list for PBXProject "Jest Notes" */ = {
			isa = XCConfigurationList;
			buildConfigurations = (
				AAD2774A1A07DC82002AA22B /* Debug */,
				AAD2774B1A07DC82002AA22B /* Release */,
			);
			defaultConfigurationIsVisible = 0;
			defaultConfigurationName = Release;
		};
		AAD2774C1A07DC82002AA22B /* Build configuration list for PBXNativeTarget "Jest Notes" */ = {
			isa = XCConfigurationList;
			buildConfigurations = (
				AAD2774D1A07DC82002AA22B /* Debug */,
				AAD2774E1A07DC82002AA22B /* Release */,
			);
			defaultConfigurationIsVisible = 0;
			defaultConfigurationName = Release;
		};
		AAD2774F1A07DC82002AA22B /* Build configuration list for PBXNativeTarget "Jest NotesTests" */ = {
			isa = XCConfigurationList;
			buildConfigurations = (
				AAD277501A07DC82002AA22B /* Debug */,
				AAD277511A07DC82002AA22B /* Release */,
			);
			defaultConfigurationIsVisible = 0;
			defaultConfigurationName = Release;
		};
/* End XCConfigurationList section */

/* Begin XCVersionGroup section */
		AAD277641A07DCED002AA22B /* Jest_Notes.xcdatamodeld */ = {
			isa = XCVersionGroup;
			children = (
				AAD277651A07DCED002AA22B /* Jest_Notes.xcdatamodel */,
			);
			currentVersion = AAD277651A07DCED002AA22B /* Jest_Notes.xcdatamodel */;
			path = Jest_Notes.xcdatamodeld;
			sourceTree = "<group>";
			versionGroupType = wrapper.xcdatamodel;
		};
/* End XCVersionGroup section */
	};
	rootObject = AAD2771E1A07DC81002AA22B /* Project object */;
}
