<?xml version="1.0" encoding="UTF-8"?>
<!DOCTYPE plist PUBLIC "-//Apple//DTD PLIST 1.0//EN" "http://www.apple.com/DTDs/PropertyList-1.0.dtd">
<plist version="1.0">
<dict>
	<key>archiveVersion</key>
	<string>1</string>
	<key>classes</key>
	<dict/>
	<key>objectVersion</key>
	<string>46</string>
	<key>objects</key>
	<dict>
		<key>126624E4144E0691E5C8374B</key>
		<dict>
			<key>explicitFileType</key>
			<string>archive.ar</string>
			<key>includeInIndex</key>
			<string>0</string>
			<key>isa</key>
			<string>PBXFileReference</string>
			<key>path</key>
			<string>libPods-Jest Notes.a</string>
			<key>sourceTree</key>
			<string>BUILT_PRODUCTS_DIR</string>
		</dict>
		<key>441DB306DF0461F45FF15875</key>
		<dict>
			<key>children</key>
			<array>
				<string>6F8B9F6045D1DB3B37BBDD17</string>
				<string>A7DB3D41C14026C940E474D6</string>
			</array>
			<key>isa</key>
			<string>PBXGroup</string>
			<key>name</key>
			<string>Pods</string>
			<key>sourceTree</key>
			<string>&lt;group&gt;</string>
		</dict>
		<key>583E82D62458CA2EF9F03A03</key>
		<dict>
			<key>buildActionMask</key>
			<string>2147483647</string>
			<key>files</key>
			<array/>
			<key>inputPaths</key>
			<array/>
			<key>isa</key>
			<string>PBXShellScriptBuildPhase</string>
			<key>name</key>
			<string>Check Pods Manifest.lock</string>
			<key>outputPaths</key>
			<array/>
			<key>runOnlyForDeploymentPostprocessing</key>
			<string>0</string>
			<key>shellPath</key>
			<string>/bin/sh</string>
			<key>shellScript</key>
			<string>diff "${PODS_ROOT}/../Podfile.lock" "${PODS_ROOT}/Manifest.lock" &gt; /dev/null
if [[ $? != 0 ]] ; then
    cat &lt;&lt; EOM
error: The sandbox is not in sync with the Podfile.lock. Run 'pod install' or update your CocoaPods installation.
EOM
    exit 1
fi
</string>
			<key>showEnvVarsInLog</key>
			<string>0</string>
		</dict>
		<key>6F8B9F6045D1DB3B37BBDD17</key>
		<dict>
			<key>includeInIndex</key>
			<string>1</string>
			<key>isa</key>
			<string>PBXFileReference</string>
			<key>lastKnownFileType</key>
			<string>text.xcconfig</string>
			<key>name</key>
			<string>Pods-Jest Notes.debug.xcconfig</string>
			<key>path</key>
			<string>Pods/Target Support Files/Pods-Jest Notes/Pods-Jest Notes.debug.xcconfig</string>
			<key>sourceTree</key>
			<string>&lt;group&gt;</string>
		</dict>
		<key>A7DB3D41C14026C940E474D6</key>
		<dict>
			<key>includeInIndex</key>
			<string>1</string>
			<key>isa</key>
			<string>PBXFileReference</string>
			<key>lastKnownFileType</key>
			<string>text.xcconfig</string>
			<key>name</key>
			<string>Pods-Jest Notes.release.xcconfig</string>
			<key>path</key>
			<string>Pods/Target Support Files/Pods-Jest Notes/Pods-Jest Notes.release.xcconfig</string>
			<key>sourceTree</key>
			<string>&lt;group&gt;</string>
		</dict>
		<key>AA7562D71A1EAC1E003F5F03</key>
		<dict>
			<key>fileEncoding</key>
			<string>4</string>
			<key>isa</key>
			<string>PBXFileReference</string>
			<key>lastKnownFileType</key>
			<string>sourcecode.c.h</string>
			<key>path</key>
			<string>MultiJokesSelectionController.h</string>
			<key>sourceTree</key>
			<string>&lt;group&gt;</string>
		</dict>
		<key>AA7562D81A1EAC1E003F5F03</key>
		<dict>
			<key>fileEncoding</key>
			<string>4</string>
			<key>isa</key>
			<string>PBXFileReference</string>
			<key>lastKnownFileType</key>
			<string>sourcecode.c.objc</string>
			<key>path</key>
			<string>MultiJokesSelectionController.m</string>
			<key>sourceTree</key>
			<string>&lt;group&gt;</string>
		</dict>
		<key>AA7562D91A1EAC1E003F5F03</key>
		<dict>
			<key>fileRef</key>
			<string>AA7562D81A1EAC1E003F5F03</string>
			<key>isa</key>
			<string>PBXBuildFile</string>
		</dict>
		<key>AAC7C6051A3253FA00BF73DC</key>
		<dict>
			<key>fileEncoding</key>
			<string>4</string>
			<key>isa</key>
			<string>PBXFileReference</string>
			<key>lastKnownFileType</key>
			<string>sourcecode.c.h</string>
			<key>path</key>
			<string>JokeParse.h</string>
			<key>sourceTree</key>
			<string>&lt;group&gt;</string>
		</dict>
		<key>AAC7C6061A3253FA00BF73DC</key>
		<dict>
			<key>fileEncoding</key>
			<string>4</string>
			<key>isa</key>
			<string>PBXFileReference</string>
			<key>lastKnownFileType</key>
			<string>sourcecode.c.objc</string>
			<key>path</key>
			<string>JokeParse.m</string>
			<key>sourceTree</key>
			<string>&lt;group&gt;</string>
		</dict>
		<key>AAC7C6071A3253FA00BF73DC</key>
		<dict>
			<key>fileRef</key>
			<string>AAC7C6061A3253FA00BF73DC</string>
			<key>isa</key>
			<string>PBXBuildFile</string>
		</dict>
		<key>AAC7C6081A32573F00BF73DC</key>
		<dict>
			<key>fileEncoding</key>
			<string>4</string>
			<key>isa</key>
			<string>PBXFileReference</string>
			<key>lastKnownFileType</key>
			<string>sourcecode.c.h</string>
			<key>path</key>
			<string>ParseDataManager.h</string>
			<key>sourceTree</key>
			<string>&lt;group&gt;</string>
		</dict>
		<key>AAC7C6091A32573F00BF73DC</key>
		<dict>
			<key>fileEncoding</key>
			<string>4</string>
			<key>isa</key>
			<string>PBXFileReference</string>
			<key>lastKnownFileType</key>
			<string>sourcecode.c.objc</string>
			<key>path</key>
			<string>ParseDataManager.m</string>
			<key>sourceTree</key>
			<string>&lt;group&gt;</string>
		</dict>
		<key>AAC7C60A1A32573F00BF73DC</key>
		<dict>
			<key>fileRef</key>
			<string>AAC7C6091A32573F00BF73DC</string>
			<key>isa</key>
			<string>PBXBuildFile</string>
		</dict>
		<key>AACA80E01A2D041D0003F9F3</key>
		<dict>
			<key>fileEncoding</key>
			<string>4</string>
			<key>isa</key>
			<string>PBXFileReference</string>
			<key>lastKnownFileType</key>
			<string>sourcecode.c.h</string>
			<key>path</key>
			<string>UIColor+UIColor_Additions.h</string>
			<key>sourceTree</key>
			<string>&lt;group&gt;</string>
		</dict>
		<key>AACA80E11A2D041D0003F9F3</key>
		<dict>
			<key>fileEncoding</key>
			<string>4</string>
			<key>isa</key>
			<string>PBXFileReference</string>
			<key>lastKnownFileType</key>
			<string>sourcecode.c.objc</string>
			<key>path</key>
			<string>UIColor+UIColor_Additions.m</string>
			<key>sourceTree</key>
			<string>&lt;group&gt;</string>
		</dict>
		<key>AACA80E21A2D041D0003F9F3</key>
		<dict>
			<key>fileRef</key>
			<string>AACA80E11A2D041D0003F9F3</string>
			<key>isa</key>
			<string>PBXBuildFile</string>
		</dict>
		<key>AACA815A1A25320E0014E86F</key>
		<dict>
			<key>fileEncoding</key>
			<string>4</string>
			<key>isa</key>
			<string>PBXFileReference</string>
			<key>lastKnownFileType</key>
			<string>sourcecode.c.h</string>
			<key>path</key>
			<string>HelpMenuController.h</string>
			<key>sourceTree</key>
			<string>&lt;group&gt;</string>
		</dict>
		<key>AACA815B1A25320E0014E86F</key>
		<dict>
			<key>fileEncoding</key>
			<string>4</string>
			<key>isa</key>
			<string>PBXFileReference</string>
			<key>lastKnownFileType</key>
			<string>sourcecode.c.objc</string>
			<key>path</key>
			<string>HelpMenuController.m</string>
			<key>sourceTree</key>
			<string>&lt;group&gt;</string>
		</dict>
		<key>AACA815C1A25320E0014E86F</key>
		<dict>
			<key>fileRef</key>
			<string>AACA815B1A25320E0014E86F</string>
			<key>isa</key>
			<string>PBXBuildFile</string>
		</dict>
		<key>AACDCD021A31073600FEF4F2</key>
		<dict>
			<key>fileEncoding</key>
			<string>4</string>
			<key>isa</key>
			<string>PBXFileReference</string>
			<key>lastKnownFileType</key>
			<string>sourcecode.c.h</string>
			<key>path</key>
			<string>SetToJokeDetailViewController.h</string>
			<key>sourceTree</key>
			<string>&lt;group&gt;</string>
		</dict>
		<key>AACDCD031A31073600FEF4F2</key>
		<dict>
			<key>fileEncoding</key>
			<string>4</string>
			<key>isa</key>
			<string>PBXFileReference</string>
			<key>lastKnownFileType</key>
			<string>sourcecode.c.objc</string>
			<key>path</key>
			<string>SetToJokeDetailViewController.m</string>
			<key>sourceTree</key>
			<string>&lt;group&gt;</string>
		</dict>
		<key>AACDCD041A31073600FEF4F2</key>
		<dict>
			<key>fileRef</key>
			<string>AACDCD031A31073600FEF4F2</string>
			<key>isa</key>
			<string>PBXBuildFile</string>
		</dict>
		<key>AACDCD051A312BBB00FEF4F2</key>
		<dict>
			<key>children</key>
			<array>
				<string>AACDCD1C1A312C2A00FEF4F2</string>
				<string>AACDCD1A1A312C2300FEF4F2</string>
				<string>AACDCD181A312C1F00FEF4F2</string>
				<string>AACDCD161A312C1900FEF4F2</string>
				<string>AACDCD141A312C1400FEF4F2</string>
				<string>AACDCD121A312C0C00FEF4F2</string>
				<string>AACDCD0E1A312BFC00FEF4F2</string>
				<string>AACDCD0F1A312BFC00FEF4F2</string>
				<string>AACDCD0C1A312BF300FEF4F2</string>
				<string>AACDCD0A1A312BE800FEF4F2</string>
				<string>AACDCD061A312BD200FEF4F2</string>
				<string>AACDCD071A312BD200FEF4F2</string>
				<string>AAD2776F1A07DDB8002AA22B</string>
				<string>126624E4144E0691E5C8374B</string>
			</array>
			<key>isa</key>
			<string>PBXGroup</string>
			<key>name</key>
			<string>Frameworks</string>
			<key>sourceTree</key>
			<string>&lt;group&gt;</string>
		</dict>
		<key>AACDCD061A312BD200FEF4F2</key>
		<dict>
			<key>isa</key>
			<string>PBXFileReference</string>
			<key>lastKnownFileType</key>
			<string>wrapper.framework</string>
			<key>path</key>
			<string>Bolts.framework</string>
			<key>sourceTree</key>
			<string>&lt;group&gt;</string>
		</dict>
		<key>AACDCD071A312BD200FEF4F2</key>
		<dict>
			<key>isa</key>
			<string>PBXFileReference</string>
			<key>lastKnownFileType</key>
			<string>wrapper.framework</string>
			<key>path</key>
			<string>Parse.framework</string>
			<key>sourceTree</key>
			<string>&lt;group&gt;</string>
		</dict>
		<key>AACDCD081A312BD200FEF4F2</key>
		<dict>
			<key>fileRef</key>
			<string>AACDCD061A312BD200FEF4F2</string>
			<key>isa</key>
			<string>PBXBuildFile</string>
		</dict>
		<key>AACDCD091A312BD200FEF4F2</key>
		<dict>
			<key>fileRef</key>
			<string>AACDCD071A312BD200FEF4F2</string>
			<key>isa</key>
			<string>PBXBuildFile</string>
		</dict>
		<key>AACDCD0A1A312BE800FEF4F2</key>
		<dict>
			<key>isa</key>
			<string>PBXFileReference</string>
			<key>lastKnownFileType</key>
			<string>wrapper.framework</string>
			<key>name</key>
			<string>AudioToolbox.framework</string>
			<key>path</key>
			<string>System/Library/Frameworks/AudioToolbox.framework</string>
			<key>sourceTree</key>
			<string>SDKROOT</string>
		</dict>
		<key>AACDCD0B1A312BE800FEF4F2</key>
		<dict>
			<key>fileRef</key>
			<string>AACDCD0A1A312BE800FEF4F2</string>
			<key>isa</key>
			<string>PBXBuildFile</string>
		</dict>
		<key>AACDCD0C1A312BF300FEF4F2</key>
		<dict>
			<key>isa</key>
			<string>PBXFileReference</string>
			<key>lastKnownFileType</key>
			<string>wrapper.framework</string>
			<key>name</key>
			<string>CFNetwork.framework</string>
			<key>path</key>
			<string>System/Library/Frameworks/CFNetwork.framework</string>
			<key>sourceTree</key>
			<string>SDKROOT</string>
		</dict>
		<key>AACDCD0D1A312BF300FEF4F2</key>
		<dict>
			<key>fileRef</key>
			<string>AACDCD0C1A312BF300FEF4F2</string>
			<key>isa</key>
			<string>PBXBuildFile</string>
		</dict>
		<key>AACDCD0E1A312BFC00FEF4F2</key>
		<dict>
			<key>isa</key>
			<string>PBXFileReference</string>
			<key>lastKnownFileType</key>
			<string>wrapper.framework</string>
			<key>name</key>
			<string>CoreGraphics.framework</string>
			<key>path</key>
			<string>System/Library/Frameworks/CoreGraphics.framework</string>
			<key>sourceTree</key>
			<string>SDKROOT</string>
		</dict>
		<key>AACDCD0F1A312BFC00FEF4F2</key>
		<dict>
			<key>isa</key>
			<string>PBXFileReference</string>
			<key>lastKnownFileType</key>
			<string>wrapper.framework</string>
			<key>name</key>
			<string>CoreLocation.framework</string>
			<key>path</key>
			<string>System/Library/Frameworks/CoreLocation.framework</string>
			<key>sourceTree</key>
			<string>SDKROOT</string>
		</dict>
		<key>AACDCD101A312BFC00FEF4F2</key>
		<dict>
			<key>fileRef</key>
			<string>AACDCD0E1A312BFC00FEF4F2</string>
			<key>isa</key>
			<string>PBXBuildFile</string>
		</dict>
		<key>AACDCD111A312BFC00FEF4F2</key>
		<dict>
			<key>fileRef</key>
			<string>AACDCD0F1A312BFC00FEF4F2</string>
			<key>isa</key>
			<string>PBXBuildFile</string>
		</dict>
		<key>AACDCD121A312C0C00FEF4F2</key>
		<dict>
			<key>isa</key>
			<string>PBXFileReference</string>
			<key>lastKnownFileType</key>
			<string>compiled.mach-o.dylib</string>
			<key>name</key>
			<string>libz.dylib</string>
			<key>path</key>
			<string>usr/lib/libz.dylib</string>
			<key>sourceTree</key>
			<string>SDKROOT</string>
		</dict>
		<key>AACDCD131A312C0C00FEF4F2</key>
		<dict>
			<key>fileRef</key>
			<string>AACDCD121A312C0C00FEF4F2</string>
			<key>isa</key>
			<string>PBXBuildFile</string>
		</dict>
		<key>AACDCD141A312C1400FEF4F2</key>
		<dict>
			<key>isa</key>
			<string>PBXFileReference</string>
			<key>lastKnownFileType</key>
			<string>wrapper.framework</string>
			<key>name</key>
			<string>MobileCoreServices.framework</string>
			<key>path</key>
			<string>System/Library/Frameworks/MobileCoreServices.framework</string>
			<key>sourceTree</key>
			<string>SDKROOT</string>
		</dict>
		<key>AACDCD151A312C1400FEF4F2</key>
		<dict>
			<key>fileRef</key>
			<string>AACDCD141A312C1400FEF4F2</string>
			<key>isa</key>
			<string>PBXBuildFile</string>
		</dict>
		<key>AACDCD161A312C1900FEF4F2</key>
		<dict>
			<key>isa</key>
			<string>PBXFileReference</string>
			<key>lastKnownFileType</key>
			<string>wrapper.framework</string>
			<key>name</key>
			<string>QuartzCore.framework</string>
			<key>path</key>
			<string>System/Library/Frameworks/QuartzCore.framework</string>
			<key>sourceTree</key>
			<string>SDKROOT</string>
		</dict>
		<key>AACDCD171A312C1900FEF4F2</key>
		<dict>
			<key>fileRef</key>
			<string>AACDCD161A312C1900FEF4F2</string>
			<key>isa</key>
			<string>PBXBuildFile</string>
		</dict>
		<key>AACDCD181A312C1F00FEF4F2</key>
		<dict>
			<key>isa</key>
			<string>PBXFileReference</string>
			<key>lastKnownFileType</key>
			<string>wrapper.framework</string>
			<key>name</key>
			<string>Security.framework</string>
			<key>path</key>
			<string>System/Library/Frameworks/Security.framework</string>
			<key>sourceTree</key>
			<string>SDKROOT</string>
		</dict>
		<key>AACDCD191A312C1F00FEF4F2</key>
		<dict>
			<key>fileRef</key>
			<string>AACDCD181A312C1F00FEF4F2</string>
			<key>isa</key>
			<string>PBXBuildFile</string>
		</dict>
		<key>AACDCD1A1A312C2300FEF4F2</key>
		<dict>
			<key>isa</key>
			<string>PBXFileReference</string>
			<key>lastKnownFileType</key>
			<string>wrapper.framework</string>
			<key>name</key>
			<string>StoreKit.framework</string>
			<key>path</key>
			<string>System/Library/Frameworks/StoreKit.framework</string>
			<key>sourceTree</key>
			<string>SDKROOT</string>
		</dict>
		<key>AACDCD1B1A312C2300FEF4F2</key>
		<dict>
			<key>fileRef</key>
			<string>AACDCD1A1A312C2300FEF4F2</string>
			<key>isa</key>
			<string>PBXBuildFile</string>
		</dict>
		<key>AACDCD1C1A312C2A00FEF4F2</key>
		<dict>
			<key>isa</key>
			<string>PBXFileReference</string>
			<key>lastKnownFileType</key>
			<string>wrapper.framework</string>
			<key>name</key>
			<string>SystemConfiguration.framework</string>
			<key>path</key>
			<string>System/Library/Frameworks/SystemConfiguration.framework</string>
			<key>sourceTree</key>
			<string>SDKROOT</string>
		</dict>
		<key>AACDCD1D1A312C2A00FEF4F2</key>
		<dict>
			<key>fileRef</key>
			<string>AACDCD1C1A312C2A00FEF4F2</string>
			<key>isa</key>
			<string>PBXBuildFile</string>
		</dict>
		<key>AACDCD1E1A312D0B00FEF4F2</key>
		<dict>
			<key>fileEncoding</key>
			<string>4</string>
			<key>isa</key>
			<string>PBXFileReference</string>
			<key>lastKnownFileType</key>
			<string>text.plist.xml</string>
			<key>path</key>
			<string>Keys.plist</string>
			<key>sourceTree</key>
			<string>&lt;group&gt;</string>
		</dict>
		<key>AACDCD1F1A312D0B00FEF4F2</key>
		<dict>
			<key>fileRef</key>
			<string>AACDCD1E1A312D0B00FEF4F2</string>
			<key>isa</key>
			<string>PBXBuildFile</string>
		</dict>
		<key>AAD2771D1A07DC81002AA22B</key>
		<dict>
			<key>children</key>
			<array>
				<string>AACDCD051A312BBB00FEF4F2</string>
				<string>AAD277281A07DC81002AA22B</string>
				<string>AAD277451A07DC82002AA22B</string>
				<string>AAD277271A07DC81002AA22B</string>
				<string>441DB306DF0461F45FF15875</string>
			</array>
			<key>isa</key>
			<string>PBXGroup</string>
			<key>sourceTree</key>
			<string>&lt;group&gt;</string>
		</dict>
		<key>AAD2771E1A07DC81002AA22B</key>
		<dict>
			<key>attributes</key>
			<dict>
				<key>LastUpgradeCheck</key>
				<string>0610</string>
				<key>ORGANIZATIONNAME</key>
				<string>TerryBuOrganization</string>
				<key>TargetAttributes</key>
				<dict>
					<key>AAD277251A07DC81002AA22B</key>
					<dict>
						<key>CreatedOnToolsVersion</key>
						<string>6.1</string>
					</dict>
					<key>AAD277411A07DC82002AA22B</key>
					<dict>
						<key>CreatedOnToolsVersion</key>
						<string>6.1</string>
						<key>TestTargetID</key>
						<string>AAD277251A07DC81002AA22B</string>
					</dict>
				</dict>
			</dict>
			<key>buildConfigurationList</key>
			<string>AAD277211A07DC81002AA22B</string>
			<key>compatibilityVersion</key>
			<string>Xcode 3.2</string>
			<key>developmentRegion</key>
			<string>English</string>
			<key>hasScannedForEncodings</key>
			<string>0</string>
			<key>isa</key>
			<string>PBXProject</string>
			<key>knownRegions</key>
			<array>
				<string>en</string>
				<string>Base</string>
			</array>
			<key>mainGroup</key>
			<string>AAD2771D1A07DC81002AA22B</string>
			<key>productRefGroup</key>
			<string>AAD277271A07DC81002AA22B</string>
			<key>projectDirPath</key>
			<string></string>
			<key>projectReferences</key>
			<array/>
			<key>projectRoot</key>
			<string></string>
			<key>targets</key>
			<array>
				<string>AAD277251A07DC81002AA22B</string>
				<string>AAD277411A07DC82002AA22B</string>
			</array>
		</dict>
		<key>AAD277211A07DC81002AA22B</key>
		<dict>
			<key>buildConfigurations</key>
			<array>
				<string>AAD2774A1A07DC82002AA22B</string>
				<string>AAD2774B1A07DC82002AA22B</string>
			</array>
			<key>defaultConfigurationIsVisible</key>
			<string>0</string>
			<key>defaultConfigurationName</key>
			<string>Release</string>
			<key>isa</key>
			<string>XCConfigurationList</string>
		</dict>
		<key>AAD277221A07DC81002AA22B</key>
		<dict>
			<key>buildActionMask</key>
			<string>2147483647</string>
			<key>files</key>
			<array>
				<string>AA7562D91A1EAC1E003F5F03</string>
				<string>AAE50A221A363F0A00A380A1</string>
				<string>AAE50A191A36298E00A380A1</string>
				<string>AAD4B7BD1A3906A500CD3ACE</string>
				<string>AAD2772F1A07DC82002AA22B</string>
				<string>AAD277681A07DCED002AA22B</string>
				<string>AAD277691A07DCED002AA22B</string>
				<string>AAE5AEE11A0976F800E73566</string>
				<string>AAD2776E1A07DCED002AA22B</string>
				<string>AAD277581A07DCD9002AA22B</string>
				<string>AAD2776C1A07DCED002AA22B</string>
				<string>AAD59B9F1A215A7C006B145C</string>
				<string>AACA815C1A25320E0014E86F</string>
				<string>AAD7A62E1A1FFE4C00DA8165</string>
				<string>AAC7C60A1A32573F00BF73DC</string>
				<string>AAD2772C1A07DC81002AA22B</string>
				<string>AAC7C6071A3253FA00BF73DC</string>
				<string>AAD44F781A0D64AB00FDB656</string>
				<string>AAD2776B1A07DCED002AA22B</string>
				<string>AAD277591A07DCD9002AA22B</string>
				<string>AAD4B7C01A3906CD00CD3ACE</string>
				<string>AAD59B8F1A2107BC006B145C</string>
				<string>AACDCD041A31073600FEF4F2</string>
				<string>AAD2776D1A07DCED002AA22B</string>
				<string>AAD59B921A210BC8006B145C</string>
				<string>AACA80E21A2D041D0003F9F3</string>
			</array>
			<key>isa</key>
			<string>PBXSourcesBuildPhase</string>
			<key>runOnlyForDeploymentPostprocessing</key>
			<string>0</string>
		</dict>
		<key>AAD277231A07DC81002AA22B</key>
		<dict>
			<key>buildActionMask</key>
			<string>2147483647</string>
			<key>files</key>
			<array>
				<string>AACDCD1D1A312C2A00FEF4F2</string>
				<string>AACDCD1B1A312C2300FEF4F2</string>
				<string>AACDCD191A312C1F00FEF4F2</string>
				<string>AACDCD171A312C1900FEF4F2</string>
				<string>AACDCD151A312C1400FEF4F2</string>
				<string>AACDCD131A312C0C00FEF4F2</string>
				<string>AACDCD101A312BFC00FEF4F2</string>
				<string>AACDCD111A312BFC00FEF4F2</string>
				<string>AACDCD0D1A312BF300FEF4F2</string>
				<string>AACDCD0B1A312BE800FEF4F2</string>
				<string>AAD277701A07DDB8002AA22B</string>
				<string>AACDCD091A312BD200FEF4F2</string>
				<string>AACDCD081A312BD200FEF4F2</string>
				<string>B447E4A8B5CBFEED1017E4F7</string>
			</array>
			<key>isa</key>
			<string>PBXFrameworksBuildPhase</string>
			<key>runOnlyForDeploymentPostprocessing</key>
			<string>0</string>
		</dict>
		<key>AAD277241A07DC81002AA22B</key>
		<dict>
			<key>buildActionMask</key>
			<string>2147483647</string>
			<key>files</key>
			<array>
				<string>AACDCD1F1A312D0B00FEF4F2</string>
				<string>AAE5AEE31A098E9100E73566</string>
				<string>AAD2773D1A07DC82002AA22B</string>
				<string>AAD2773A1A07DC82002AA22B</string>
			</array>
			<key>isa</key>
			<string>PBXResourcesBuildPhase</string>
			<key>runOnlyForDeploymentPostprocessing</key>
			<string>0</string>
		</dict>
		<key>AAD277251A07DC81002AA22B</key>
		<dict>
			<key>buildConfigurationList</key>
			<string>AAD2774C1A07DC82002AA22B</string>
			<key>buildPhases</key>
			<array>
				<string>583E82D62458CA2EF9F03A03</string>
				<string>AAD277221A07DC81002AA22B</string>
				<string>AAD277231A07DC81002AA22B</string>
				<string>AAD277241A07DC81002AA22B</string>
				<string>B34ED5968E866DBF6AE6CFFE</string>
			</array>
			<key>buildRules</key>
			<array/>
			<key>dependencies</key>
			<array/>
			<key>isa</key>
			<string>PBXNativeTarget</string>
			<key>name</key>
			<string>Jest Notes</string>
			<key>productName</key>
			<string>Jest Notes</string>
			<key>productReference</key>
			<string>AAD277261A07DC81002AA22B</string>
			<key>productType</key>
			<string>com.apple.product-type.application</string>
		</dict>
		<key>AAD277261A07DC81002AA22B</key>
		<dict>
			<key>explicitFileType</key>
			<string>wrapper.application</string>
			<key>includeInIndex</key>
			<string>0</string>
			<key>isa</key>
			<string>PBXFileReference</string>
			<key>path</key>
			<string>Jest Notes.app</string>
			<key>sourceTree</key>
			<string>BUILT_PRODUCTS_DIR</string>
		</dict>
		<key>AAD277271A07DC81002AA22B</key>
		<dict>
			<key>children</key>
			<array>
				<string>AAD277261A07DC81002AA22B</string>
				<string>AAD277421A07DC82002AA22B</string>
			</array>
			<key>isa</key>
			<string>PBXGroup</string>
			<key>name</key>
			<string>Products</string>
			<key>sourceTree</key>
			<string>&lt;group&gt;</string>
		</dict>
		<key>AAD277281A07DC81002AA22B</key>
		<dict>
			<key>children</key>
			<array>
				<string>AAD2772D1A07DC81002AA22B</string>
				<string>AAD2772E1A07DC82002AA22B</string>
				<string>AACDCD1E1A312D0B00FEF4F2</string>
				<string>AAE5AEE21A098E9100E73566</string>
				<string>AAD277391A07DC82002AA22B</string>
				<string>AAD59B961A21112F006B145C</string>
				<string>AAD59B931A210EA5006B145C</string>
				<string>AAD59B951A2110EB006B145C</string>
				<string>AAD2773B1A07DC82002AA22B</string>
				<string>AAD277291A07DC81002AA22B</string>
			</array>
			<key>isa</key>
			<string>PBXGroup</string>
			<key>path</key>
			<string>Jest Notes</string>
			<key>sourceTree</key>
			<string>&lt;group&gt;</string>
		</dict>
		<key>AAD277291A07DC81002AA22B</key>
		<dict>
			<key>children</key>
			<array>
				<string>AAD2772A1A07DC81002AA22B</string>
				<string>AAD2772B1A07DC81002AA22B</string>
			</array>
			<key>isa</key>
			<string>PBXGroup</string>
			<key>name</key>
			<string>Supporting Files</string>
			<key>sourceTree</key>
			<string>&lt;group&gt;</string>
		</dict>
		<key>AAD2772A1A07DC81002AA22B</key>
		<dict>
			<key>isa</key>
			<string>PBXFileReference</string>
			<key>lastKnownFileType</key>
			<string>text.plist.xml</string>
			<key>path</key>
			<string>Info.plist</string>
			<key>sourceTree</key>
			<string>&lt;group&gt;</string>
		</dict>
		<key>AAD2772B1A07DC81002AA22B</key>
		<dict>
			<key>isa</key>
			<string>PBXFileReference</string>
			<key>lastKnownFileType</key>
			<string>sourcecode.c.objc</string>
			<key>path</key>
			<string>main.m</string>
			<key>sourceTree</key>
			<string>&lt;group&gt;</string>
		</dict>
		<key>AAD2772C1A07DC81002AA22B</key>
		<dict>
			<key>fileRef</key>
			<string>AAD2772B1A07DC81002AA22B</string>
			<key>isa</key>
			<string>PBXBuildFile</string>
		</dict>
		<key>AAD2772D1A07DC81002AA22B</key>
		<dict>
			<key>isa</key>
			<string>PBXFileReference</string>
			<key>lastKnownFileType</key>
			<string>sourcecode.c.h</string>
			<key>path</key>
			<string>AppDelegate.h</string>
			<key>sourceTree</key>
			<string>&lt;group&gt;</string>
		</dict>
		<key>AAD2772E1A07DC82002AA22B</key>
		<dict>
			<key>isa</key>
			<string>PBXFileReference</string>
			<key>lastKnownFileType</key>
			<string>sourcecode.c.objc</string>
			<key>path</key>
			<string>AppDelegate.m</string>
			<key>sourceTree</key>
			<string>&lt;group&gt;</string>
		</dict>
		<key>AAD2772F1A07DC82002AA22B</key>
		<dict>
			<key>fileRef</key>
			<string>AAD2772E1A07DC82002AA22B</string>
			<key>isa</key>
			<string>PBXBuildFile</string>
		</dict>
		<key>AAD277391A07DC82002AA22B</key>
		<dict>
			<key>isa</key>
			<string>PBXFileReference</string>
			<key>lastKnownFileType</key>
			<string>folder.assetcatalog</string>
			<key>path</key>
			<string>Images.xcassets</string>
			<key>sourceTree</key>
			<string>&lt;group&gt;</string>
		</dict>
		<key>AAD2773A1A07DC82002AA22B</key>
		<dict>
			<key>fileRef</key>
			<string>AAD277391A07DC82002AA22B</string>
			<key>isa</key>
			<string>PBXBuildFile</string>
		</dict>
		<key>AAD2773B1A07DC82002AA22B</key>
		<dict>
			<key>children</key>
			<array>
				<string>AAD2773C1A07DC82002AA22B</string>
			</array>
			<key>isa</key>
			<string>PBXVariantGroup</string>
			<key>name</key>
			<string>LaunchScreen.xib</string>
			<key>sourceTree</key>
			<string>&lt;group&gt;</string>
		</dict>
		<key>AAD2773C1A07DC82002AA22B</key>
		<dict>
			<key>isa</key>
			<string>PBXFileReference</string>
			<key>lastKnownFileType</key>
			<string>file.xib</string>
			<key>name</key>
			<string>Base</string>
			<key>path</key>
			<string>Base.lproj/LaunchScreen.xib</string>
			<key>sourceTree</key>
			<string>&lt;group&gt;</string>
		</dict>
		<key>AAD2773D1A07DC82002AA22B</key>
		<dict>
			<key>fileRef</key>
			<string>AAD2773B1A07DC82002AA22B</string>
			<key>isa</key>
			<string>PBXBuildFile</string>
		</dict>
		<key>AAD2773E1A07DC82002AA22B</key>
		<dict>
			<key>buildActionMask</key>
			<string>2147483647</string>
			<key>files</key>
			<array>
				<string>AAD277491A07DC82002AA22B</string>
			</array>
			<key>isa</key>
			<string>PBXSourcesBuildPhase</string>
			<key>runOnlyForDeploymentPostprocessing</key>
			<string>0</string>
		</dict>
		<key>AAD2773F1A07DC82002AA22B</key>
		<dict>
			<key>buildActionMask</key>
			<string>2147483647</string>
			<key>files</key>
			<array/>
			<key>isa</key>
			<string>PBXFrameworksBuildPhase</string>
			<key>runOnlyForDeploymentPostprocessing</key>
			<string>0</string>
		</dict>
		<key>AAD277401A07DC82002AA22B</key>
		<dict>
			<key>buildActionMask</key>
			<string>2147483647</string>
			<key>files</key>
			<array/>
			<key>isa</key>
			<string>PBXResourcesBuildPhase</string>
			<key>runOnlyForDeploymentPostprocessing</key>
			<string>0</string>
		</dict>
		<key>AAD277411A07DC82002AA22B</key>
		<dict>
			<key>buildConfigurationList</key>
			<string>AAD2774F1A07DC82002AA22B</string>
			<key>buildPhases</key>
			<array>
				<string>AAD2773E1A07DC82002AA22B</string>
				<string>AAD2773F1A07DC82002AA22B</string>
				<string>AAD277401A07DC82002AA22B</string>
			</array>
			<key>buildRules</key>
			<array/>
			<key>dependencies</key>
			<array>
				<string>AAD277441A07DC82002AA22B</string>
			</array>
			<key>isa</key>
			<string>PBXNativeTarget</string>
			<key>name</key>
			<string>Jest NotesTests</string>
			<key>productName</key>
			<string>Jest NotesTests</string>
			<key>productReference</key>
			<string>AAD277421A07DC82002AA22B</string>
			<key>productType</key>
			<string>com.apple.product-type.bundle.unit-test</string>
		</dict>
		<key>AAD277421A07DC82002AA22B</key>
		<dict>
			<key>explicitFileType</key>
			<string>wrapper.cfbundle</string>
			<key>includeInIndex</key>
			<string>0</string>
			<key>isa</key>
			<string>PBXFileReference</string>
			<key>path</key>
			<string>Jest NotesTests.xctest</string>
			<key>sourceTree</key>
			<string>BUILT_PRODUCTS_DIR</string>
		</dict>
		<key>AAD277431A07DC82002AA22B</key>
		<dict>
			<key>containerPortal</key>
			<string>AAD2771E1A07DC81002AA22B</string>
			<key>isa</key>
			<string>PBXContainerItemProxy</string>
			<key>proxyType</key>
			<string>1</string>
			<key>remoteGlobalIDString</key>
			<string>AAD277251A07DC81002AA22B</string>
			<key>remoteInfo</key>
			<string>Jest Notes</string>
		</dict>
		<key>AAD277441A07DC82002AA22B</key>
		<dict>
			<key>isa</key>
			<string>PBXTargetDependency</string>
			<key>target</key>
			<string>AAD277251A07DC81002AA22B</string>
			<key>targetProxy</key>
			<string>AAD277431A07DC82002AA22B</string>
		</dict>
		<key>AAD277451A07DC82002AA22B</key>
		<dict>
			<key>children</key>
			<array>
				<string>AAD277481A07DC82002AA22B</string>
				<string>AAD277461A07DC82002AA22B</string>
			</array>
			<key>isa</key>
			<string>PBXGroup</string>
			<key>path</key>
			<string>Jest NotesTests</string>
			<key>sourceTree</key>
			<string>&lt;group&gt;</string>
		</dict>
		<key>AAD277461A07DC82002AA22B</key>
		<dict>
			<key>children</key>
			<array>
				<string>AAD277471A07DC82002AA22B</string>
			</array>
			<key>isa</key>
			<string>PBXGroup</string>
			<key>name</key>
			<string>Supporting Files</string>
			<key>sourceTree</key>
			<string>&lt;group&gt;</string>
		</dict>
		<key>AAD277471A07DC82002AA22B</key>
		<dict>
			<key>isa</key>
			<string>PBXFileReference</string>
			<key>lastKnownFileType</key>
			<string>text.plist.xml</string>
			<key>path</key>
			<string>Info.plist</string>
			<key>sourceTree</key>
			<string>&lt;group&gt;</string>
		</dict>
		<key>AAD277481A07DC82002AA22B</key>
		<dict>
			<key>isa</key>
			<string>PBXFileReference</string>
			<key>lastKnownFileType</key>
			<string>sourcecode.c.objc</string>
			<key>path</key>
			<string>Jest_NotesTests.m</string>
			<key>sourceTree</key>
			<string>&lt;group&gt;</string>
		</dict>
		<key>AAD277491A07DC82002AA22B</key>
		<dict>
			<key>fileRef</key>
			<string>AAD277481A07DC82002AA22B</string>
			<key>isa</key>
			<string>PBXBuildFile</string>
		</dict>
		<key>AAD2774A1A07DC82002AA22B</key>
		<dict>
			<key>buildSettings</key>
			<dict>
				<key>ALWAYS_SEARCH_USER_PATHS</key>
				<string>NO</string>
				<key>CLANG_CXX_LANGUAGE_STANDARD</key>
				<string>gnu++0x</string>
				<key>CLANG_CXX_LIBRARY</key>
				<string>libc++</string>
				<key>CLANG_ENABLE_MODULES</key>
				<string>YES</string>
				<key>CLANG_ENABLE_OBJC_ARC</key>
				<string>YES</string>
				<key>CLANG_WARN_BOOL_CONVERSION</key>
				<string>YES</string>
				<key>CLANG_WARN_CONSTANT_CONVERSION</key>
				<string>YES</string>
				<key>CLANG_WARN_DIRECT_OBJC_ISA_USAGE</key>
				<string>YES_ERROR</string>
				<key>CLANG_WARN_EMPTY_BODY</key>
				<string>YES</string>
				<key>CLANG_WARN_ENUM_CONVERSION</key>
				<string>YES</string>
				<key>CLANG_WARN_INT_CONVERSION</key>
				<string>YES</string>
				<key>CLANG_WARN_OBJC_ROOT_CLASS</key>
				<string>YES_ERROR</string>
				<key>CLANG_WARN_UNREACHABLE_CODE</key>
				<string>YES</string>
				<key>CLANG_WARN__DUPLICATE_METHOD_MATCH</key>
				<string>YES</string>
				<key>CODE_SIGN_IDENTITY[sdk=iphoneos*]</key>
				<string>iPhone Developer</string>
				<key>COPY_PHASE_STRIP</key>
				<string>NO</string>
				<key>ENABLE_STRICT_OBJC_MSGSEND</key>
				<string>YES</string>
				<key>GCC_C_LANGUAGE_STANDARD</key>
				<string>gnu99</string>
				<key>GCC_DYNAMIC_NO_PIC</key>
				<string>NO</string>
				<key>GCC_OPTIMIZATION_LEVEL</key>
				<string>0</string>
				<key>GCC_PREPROCESSOR_DEFINITIONS</key>
				<array>
					<string>DEBUG=1</string>
					<string>$(inherited)</string>
				</array>
				<key>GCC_SYMBOLS_PRIVATE_EXTERN</key>
				<string>NO</string>
				<key>GCC_WARN_64_TO_32_BIT_CONVERSION</key>
				<string>YES</string>
				<key>GCC_WARN_ABOUT_RETURN_TYPE</key>
				<string>YES_ERROR</string>
				<key>GCC_WARN_UNDECLARED_SELECTOR</key>
				<string>YES</string>
				<key>GCC_WARN_UNINITIALIZED_AUTOS</key>
				<string>YES_AGGRESSIVE</string>
				<key>GCC_WARN_UNUSED_FUNCTION</key>
				<string>YES</string>
				<key>GCC_WARN_UNUSED_VARIABLE</key>
				<string>YES</string>
				<key>IPHONEOS_DEPLOYMENT_TARGET</key>
				<string>8.1</string>
				<key>MTL_ENABLE_DEBUG_INFO</key>
				<string>YES</string>
				<key>ONLY_ACTIVE_ARCH</key>
				<string>YES</string>
				<key>SDKROOT</key>
				<string>iphoneos</string>
				<key>TARGETED_DEVICE_FAMILY</key>
				<string>1,2</string>
			</dict>
			<key>isa</key>
			<string>XCBuildConfiguration</string>
			<key>name</key>
			<string>Debug</string>
		</dict>
		<key>AAD2774B1A07DC82002AA22B</key>
		<dict>
			<key>buildSettings</key>
			<dict>
				<key>ALWAYS_SEARCH_USER_PATHS</key>
				<string>NO</string>
				<key>CLANG_CXX_LANGUAGE_STANDARD</key>
				<string>gnu++0x</string>
				<key>CLANG_CXX_LIBRARY</key>
				<string>libc++</string>
				<key>CLANG_ENABLE_MODULES</key>
				<string>YES</string>
				<key>CLANG_ENABLE_OBJC_ARC</key>
				<string>YES</string>
				<key>CLANG_WARN_BOOL_CONVERSION</key>
				<string>YES</string>
				<key>CLANG_WARN_CONSTANT_CONVERSION</key>
				<string>YES</string>
				<key>CLANG_WARN_DIRECT_OBJC_ISA_USAGE</key>
				<string>YES_ERROR</string>
				<key>CLANG_WARN_EMPTY_BODY</key>
				<string>YES</string>
				<key>CLANG_WARN_ENUM_CONVERSION</key>
				<string>YES</string>
				<key>CLANG_WARN_INT_CONVERSION</key>
				<string>YES</string>
				<key>CLANG_WARN_OBJC_ROOT_CLASS</key>
				<string>YES_ERROR</string>
				<key>CLANG_WARN_UNREACHABLE_CODE</key>
				<string>YES</string>
				<key>CLANG_WARN__DUPLICATE_METHOD_MATCH</key>
				<string>YES</string>
				<key>CODE_SIGN_IDENTITY[sdk=iphoneos*]</key>
				<string>iPhone Developer</string>
				<key>COPY_PHASE_STRIP</key>
				<string>YES</string>
				<key>ENABLE_NS_ASSERTIONS</key>
				<string>NO</string>
				<key>ENABLE_STRICT_OBJC_MSGSEND</key>
				<string>YES</string>
				<key>GCC_C_LANGUAGE_STANDARD</key>
				<string>gnu99</string>
				<key>GCC_WARN_64_TO_32_BIT_CONVERSION</key>
				<string>YES</string>
				<key>GCC_WARN_ABOUT_RETURN_TYPE</key>
				<string>YES_ERROR</string>
				<key>GCC_WARN_UNDECLARED_SELECTOR</key>
				<string>YES</string>
				<key>GCC_WARN_UNINITIALIZED_AUTOS</key>
				<string>YES_AGGRESSIVE</string>
				<key>GCC_WARN_UNUSED_FUNCTION</key>
				<string>YES</string>
				<key>GCC_WARN_UNUSED_VARIABLE</key>
				<string>YES</string>
				<key>IPHONEOS_DEPLOYMENT_TARGET</key>
				<string>8.1</string>
				<key>MTL_ENABLE_DEBUG_INFO</key>
				<string>NO</string>
				<key>SDKROOT</key>
				<string>iphoneos</string>
				<key>TARGETED_DEVICE_FAMILY</key>
				<string>1,2</string>
				<key>VALIDATE_PRODUCT</key>
				<string>YES</string>
			</dict>
			<key>isa</key>
			<string>XCBuildConfiguration</string>
			<key>name</key>
			<string>Release</string>
		</dict>
		<key>AAD2774C1A07DC82002AA22B</key>
		<dict>
			<key>buildConfigurations</key>
			<array>
				<string>AAD2774D1A07DC82002AA22B</string>
				<string>AAD2774E1A07DC82002AA22B</string>
			</array>
			<key>defaultConfigurationIsVisible</key>
			<string>0</string>
			<key>defaultConfigurationName</key>
			<string>Release</string>
			<key>isa</key>
			<string>XCConfigurationList</string>
		</dict>
		<key>AAD2774D1A07DC82002AA22B</key>
		<dict>
			<key>baseConfigurationReference</key>
			<string>6F8B9F6045D1DB3B37BBDD17</string>
			<key>buildSettings</key>
			<dict>
				<key>ASSETCATALOG_COMPILER_APPICON_NAME</key>
				<string>AppIcon</string>
				<key>FRAMEWORK_SEARCH_PATHS</key>
				<array>
					<string>$(inherited)</string>
					<string>$(PROJECT_DIR)</string>
				</array>
				<key>INFOPLIST_FILE</key>
				<string>Jest Notes/Info.plist</string>
				<key>LD_RUNPATH_SEARCH_PATHS</key>
				<string>$(inherited) @executable_path/Frameworks</string>
				<key>PRODUCT_NAME</key>
				<string>$(TARGET_NAME)</string>
			</dict>
			<key>isa</key>
			<string>XCBuildConfiguration</string>
			<key>name</key>
			<string>Debug</string>
		</dict>
		<key>AAD2774E1A07DC82002AA22B</key>
		<dict>
			<key>baseConfigurationReference</key>
			<string>A7DB3D41C14026C940E474D6</string>
			<key>buildSettings</key>
			<dict>
				<key>ASSETCATALOG_COMPILER_APPICON_NAME</key>
				<string>AppIcon</string>
				<key>FRAMEWORK_SEARCH_PATHS</key>
				<array>
					<string>$(inherited)</string>
					<string>$(PROJECT_DIR)</string>
				</array>
				<key>INFOPLIST_FILE</key>
				<string>Jest Notes/Info.plist</string>
				<key>LD_RUNPATH_SEARCH_PATHS</key>
				<string>$(inherited) @executable_path/Frameworks</string>
				<key>PRODUCT_NAME</key>
				<string>$(TARGET_NAME)</string>
			</dict>
			<key>isa</key>
			<string>XCBuildConfiguration</string>
			<key>name</key>
			<string>Release</string>
		</dict>
		<key>AAD2774F1A07DC82002AA22B</key>
		<dict>
			<key>buildConfigurations</key>
			<array>
				<string>AAD277501A07DC82002AA22B</string>
				<string>AAD277511A07DC82002AA22B</string>
			</array>
			<key>defaultConfigurationIsVisible</key>
			<string>0</string>
			<key>defaultConfigurationName</key>
			<string>Release</string>
			<key>isa</key>
			<string>XCConfigurationList</string>
		</dict>
		<key>AAD277501A07DC82002AA22B</key>
		<dict>
			<key>buildSettings</key>
			<dict>
				<key>BUNDLE_LOADER</key>
				<string>$(TEST_HOST)</string>
				<key>FRAMEWORK_SEARCH_PATHS</key>
				<array>
					<string>$(SDKROOT)/Developer/Library/Frameworks</string>
					<string>$(inherited)</string>
				</array>
				<key>GCC_PREPROCESSOR_DEFINITIONS</key>
				<array>
					<string>DEBUG=1</string>
					<string>$(inherited)</string>
				</array>
				<key>INFOPLIST_FILE</key>
				<string>Jest NotesTests/Info.plist</string>
				<key>LD_RUNPATH_SEARCH_PATHS</key>
				<string>$(inherited) @executable_path/Frameworks @loader_path/Frameworks</string>
				<key>PRODUCT_NAME</key>
				<string>$(TARGET_NAME)</string>
				<key>TEST_HOST</key>
				<string>$(BUILT_PRODUCTS_DIR)/Jest Notes.app/Jest Notes</string>
			</dict>
			<key>isa</key>
			<string>XCBuildConfiguration</string>
			<key>name</key>
			<string>Debug</string>
		</dict>
		<key>AAD277511A07DC82002AA22B</key>
		<dict>
			<key>buildSettings</key>
			<dict>
				<key>BUNDLE_LOADER</key>
				<string>$(TEST_HOST)</string>
				<key>FRAMEWORK_SEARCH_PATHS</key>
				<array>
					<string>$(SDKROOT)/Developer/Library/Frameworks</string>
					<string>$(inherited)</string>
				</array>
				<key>INFOPLIST_FILE</key>
				<string>Jest NotesTests/Info.plist</string>
				<key>LD_RUNPATH_SEARCH_PATHS</key>
				<string>$(inherited) @executable_path/Frameworks @loader_path/Frameworks</string>
				<key>PRODUCT_NAME</key>
				<string>$(TARGET_NAME)</string>
				<key>TEST_HOST</key>
				<string>$(BUILT_PRODUCTS_DIR)/Jest Notes.app/Jest Notes</string>
			</dict>
			<key>isa</key>
			<string>XCBuildConfiguration</string>
			<key>name</key>
			<string>Release</string>
		</dict>
		<key>AAD277541A07DCD9002AA22B</key>
		<dict>
			<key>fileEncoding</key>
			<string>4</string>
			<key>isa</key>
			<string>PBXFileReference</string>
			<key>lastKnownFileType</key>
			<string>sourcecode.c.h</string>
			<key>path</key>
			<string>HomeViewController.h</string>
			<key>sourceTree</key>
			<string>&lt;group&gt;</string>
		</dict>
		<key>AAD277551A07DCD9002AA22B</key>
		<dict>
			<key>fileEncoding</key>
			<string>4</string>
			<key>isa</key>
			<string>PBXFileReference</string>
			<key>lastKnownFileType</key>
			<string>sourcecode.c.objc</string>
			<key>path</key>
			<string>HomeViewController.m</string>
			<key>sourceTree</key>
			<string>&lt;group&gt;</string>
		</dict>
		<key>AAD277561A07DCD9002AA22B</key>
		<dict>
			<key>fileEncoding</key>
			<string>4</string>
			<key>isa</key>
			<string>PBXFileReference</string>
			<key>lastKnownFileType</key>
			<string>sourcecode.c.h</string>
			<key>path</key>
			<string>SingleJokeViewController.h</string>
			<key>sourceTree</key>
			<string>&lt;group&gt;</string>
		</dict>
		<key>AAD277571A07DCD9002AA22B</key>
		<dict>
			<key>fileEncoding</key>
			<string>4</string>
			<key>isa</key>
			<string>PBXFileReference</string>
			<key>lastKnownFileType</key>
			<string>sourcecode.c.objc</string>
			<key>path</key>
			<string>SingleJokeViewController.m</string>
			<key>sourceTree</key>
			<string>&lt;group&gt;</string>
		</dict>
		<key>AAD277581A07DCD9002AA22B</key>
		<dict>
			<key>fileRef</key>
			<string>AAD277551A07DCD9002AA22B</string>
			<key>isa</key>
			<string>PBXBuildFile</string>
		</dict>
		<key>AAD277591A07DCD9002AA22B</key>
		<dict>
			<key>fileRef</key>
			<string>AAD277571A07DCD9002AA22B</string>
			<key>isa</key>
			<string>PBXBuildFile</string>
		</dict>
		<key>AAD2775A1A07DCED002AA22B</key>
		<dict>
			<key>fileEncoding</key>
			<string>4</string>
			<key>isa</key>
			<string>PBXFileReference</string>
			<key>lastKnownFileType</key>
			<string>sourcecode.c.h</string>
			<key>path</key>
			<string>CreateJokeViewController.h</string>
			<key>sourceTree</key>
			<string>&lt;group&gt;</string>
		</dict>
		<key>AAD2775B1A07DCED002AA22B</key>
		<dict>
			<key>fileEncoding</key>
			<string>4</string>
			<key>isa</key>
			<string>PBXFileReference</string>
			<key>lastKnownFileType</key>
			<string>sourcecode.c.objc</string>
			<key>path</key>
			<string>CreateJokeViewController.m</string>
			<key>sourceTree</key>
			<string>&lt;group&gt;</string>
		</dict>
		<key>AAD2775C1A07DCED002AA22B</key>
		<dict>
			<key>fileEncoding</key>
			<string>4</string>
			<key>isa</key>
			<string>PBXFileReference</string>
			<key>lastKnownFileType</key>
			<string>sourcecode.c.h</string>
			<key>path</key>
			<string>EditJokeViewController.h</string>
			<key>sourceTree</key>
			<string>&lt;group&gt;</string>
		</dict>
		<key>AAD2775D1A07DCED002AA22B</key>
		<dict>
			<key>fileEncoding</key>
			<string>4</string>
			<key>isa</key>
			<string>PBXFileReference</string>
			<key>lastKnownFileType</key>
			<string>sourcecode.c.objc</string>
			<key>path</key>
			<string>EditJokeViewController.m</string>
			<key>sourceTree</key>
			<string>&lt;group&gt;</string>
		</dict>
		<key>AAD277601A07DCED002AA22B</key>
		<dict>
			<key>fileEncoding</key>
			<string>4</string>
			<key>isa</key>
			<string>PBXFileReference</string>
			<key>lastKnownFileType</key>
			<string>sourcecode.c.h</string>
			<key>path</key>
			<string>JokeDataManager.h</string>
			<key>sourceTree</key>
			<string>&lt;group&gt;</string>
		</dict>
		<key>AAD277611A07DCED002AA22B</key>
		<dict>
			<key>fileEncoding</key>
			<string>4</string>
			<key>isa</key>
			<string>PBXFileReference</string>
			<key>lastKnownFileType</key>
			<string>sourcecode.c.objc</string>
			<key>path</key>
			<string>JokeDataManager.m</string>
			<key>sourceTree</key>
			<string>&lt;group&gt;</string>
		</dict>
		<key>AAD277621A07DCED002AA22B</key>
		<dict>
			<key>fileEncoding</key>
			<string>4</string>
			<key>isa</key>
			<string>PBXFileReference</string>
			<key>lastKnownFileType</key>
			<string>sourcecode.c.h</string>
			<key>path</key>
			<string>Joke.h</string>
			<key>sourceTree</key>
			<string>&lt;group&gt;</string>
		</dict>
		<key>AAD277631A07DCED002AA22B</key>
		<dict>
			<key>fileEncoding</key>
			<string>4</string>
			<key>isa</key>
			<string>PBXFileReference</string>
			<key>lastKnownFileType</key>
			<string>sourcecode.c.objc</string>
			<key>path</key>
			<string>Joke.m</string>
			<key>sourceTree</key>
			<string>&lt;group&gt;</string>
		</dict>
		<key>AAD277641A07DCED002AA22B</key>
		<dict>
			<key>children</key>
			<array>
				<string>AAD277651A07DCED002AA22B</string>
			</array>
			<key>currentVersion</key>
			<string>AAD277651A07DCED002AA22B</string>
			<key>isa</key>
			<string>XCVersionGroup</string>
			<key>path</key>
			<string>Jest_Notes.xcdatamodeld</string>
			<key>sourceTree</key>
			<string>&lt;group&gt;</string>
			<key>versionGroupType</key>
			<string>wrapper.xcdatamodel</string>
		</dict>
		<key>AAD277651A07DCED002AA22B</key>
		<dict>
			<key>isa</key>
			<string>PBXFileReference</string>
			<key>lastKnownFileType</key>
			<string>wrapper.xcdatamodel</string>
			<key>path</key>
			<string>Jest_Notes.xcdatamodel</string>
			<key>sourceTree</key>
			<string>&lt;group&gt;</string>
		</dict>
		<key>AAD277661A07DCED002AA22B</key>
		<dict>
			<key>fileEncoding</key>
			<string>4</string>
			<key>isa</key>
			<string>PBXFileReference</string>
			<key>lastKnownFileType</key>
			<string>sourcecode.c.h</string>
			<key>path</key>
			<string>NSObject+NSObject___TerryConvenience.h</string>
			<key>sourceTree</key>
			<string>&lt;group&gt;</string>
		</dict>
		<key>AAD277671A07DCED002AA22B</key>
		<dict>
			<key>fileEncoding</key>
			<string>4</string>
			<key>isa</key>
			<string>PBXFileReference</string>
			<key>lastKnownFileType</key>
			<string>sourcecode.c.objc</string>
			<key>path</key>
			<string>NSObject+NSObject___TerryConvenience.m</string>
			<key>sourceTree</key>
			<string>&lt;group&gt;</string>
		</dict>
		<key>AAD277681A07DCED002AA22B</key>
		<dict>
			<key>fileRef</key>
			<string>AAD2775B1A07DCED002AA22B</string>
			<key>isa</key>
			<string>PBXBuildFile</string>
		</dict>
		<key>AAD277691A07DCED002AA22B</key>
		<dict>
			<key>fileRef</key>
			<string>AAD2775D1A07DCED002AA22B</string>
			<key>isa</key>
			<string>PBXBuildFile</string>
		</dict>
		<key>AAD2776B1A07DCED002AA22B</key>
		<dict>
			<key>fileRef</key>
			<string>AAD277611A07DCED002AA22B</string>
			<key>isa</key>
			<string>PBXBuildFile</string>
		</dict>
		<key>AAD2776C1A07DCED002AA22B</key>
		<dict>
			<key>fileRef</key>
			<string>AAD277631A07DCED002AA22B</string>
			<key>isa</key>
			<string>PBXBuildFile</string>
		</dict>
		<key>AAD2776D1A07DCED002AA22B</key>
		<dict>
			<key>fileRef</key>
			<string>AAD277641A07DCED002AA22B</string>
			<key>isa</key>
			<string>PBXBuildFile</string>
		</dict>
		<key>AAD2776E1A07DCED002AA22B</key>
		<dict>
			<key>fileRef</key>
			<string>AAD277671A07DCED002AA22B</string>
			<key>isa</key>
			<string>PBXBuildFile</string>
		</dict>
		<key>AAD2776F1A07DDB8002AA22B</key>
		<dict>
			<key>isa</key>
			<string>PBXFileReference</string>
			<key>lastKnownFileType</key>
			<string>wrapper.framework</string>
			<key>name</key>
			<string>CoreData.framework</string>
			<key>path</key>
			<string>System/Library/Frameworks/CoreData.framework</string>
			<key>sourceTree</key>
			<string>SDKROOT</string>
		</dict>
		<key>AAD277701A07DDB8002AA22B</key>
		<dict>
			<key>fileRef</key>
			<string>AAD2776F1A07DDB8002AA22B</string>
			<key>isa</key>
			<string>PBXBuildFile</string>
		</dict>
		<key>AAD44F761A0D64AB00FDB656</key>
		<dict>
			<key>fileEncoding</key>
			<string>4</string>
			<key>isa</key>
			<string>PBXFileReference</string>
			<key>lastKnownFileType</key>
			<string>sourcecode.c.h</string>
			<key>path</key>
			<string>Set.h</string>
			<key>sourceTree</key>
			<string>&lt;group&gt;</string>
		</dict>
		<key>AAD44F771A0D64AB00FDB656</key>
		<dict>
			<key>fileEncoding</key>
			<string>4</string>
			<key>isa</key>
			<string>PBXFileReference</string>
			<key>lastKnownFileType</key>
			<string>sourcecode.c.objc</string>
			<key>path</key>
			<string>Set.m</string>
			<key>sourceTree</key>
			<string>&lt;group&gt;</string>
		</dict>
		<key>AAD44F781A0D64AB00FDB656</key>
		<dict>
			<key>fileRef</key>
			<string>AAD44F771A0D64AB00FDB656</string>
			<key>isa</key>
			<string>PBXBuildFile</string>
		</dict>
		<key>AAD4B7BB1A3906A500CD3ACE</key>
		<dict>
			<key>fileEncoding</key>
			<string>4</string>
			<key>isa</key>
			<string>PBXFileReference</string>
			<key>lastKnownFileType</key>
			<string>sourcecode.c.h</string>
			<key>path</key>
			<string>SetParse.h</string>
			<key>sourceTree</key>
			<string>&lt;group&gt;</string>
		</dict>
		<key>AAD4B7BC1A3906A500CD3ACE</key>
		<dict>
			<key>fileEncoding</key>
			<string>4</string>
			<key>isa</key>
			<string>PBXFileReference</string>
			<key>lastKnownFileType</key>
			<string>sourcecode.c.objc</string>
			<key>path</key>
			<string>SetParse.m</string>
			<key>sourceTree</key>
			<string>&lt;group&gt;</string>
		</dict>
		<key>AAD4B7BD1A3906A500CD3ACE</key>
		<dict>
			<key>fileRef</key>
			<string>AAD4B7BC1A3906A500CD3ACE</string>
			<key>isa</key>
			<string>PBXBuildFile</string>
		</dict>
		<key>AAD4B7BE1A3906CD00CD3ACE</key>
		<dict>
			<key>fileEncoding</key>
			<string>4</string>
			<key>isa</key>
			<string>PBXFileReference</string>
			<key>lastKnownFileType</key>
			<string>sourcecode.c.h</string>
			<key>path</key>
			<string>SetCD.h</string>
			<key>sourceTree</key>
			<string>&lt;group&gt;</string>
		</dict>
		<key>AAD4B7BF1A3906CD00CD3ACE</key>
		<dict>
			<key>fileEncoding</key>
			<string>4</string>
			<key>isa</key>
			<string>PBXFileReference</string>
			<key>lastKnownFileType</key>
			<string>sourcecode.c.objc</string>
			<key>path</key>
			<string>SetCD.m</string>
			<key>sourceTree</key>
			<string>&lt;group&gt;</string>
		</dict>
		<key>AAD4B7C01A3906CD00CD3ACE</key>
		<dict>
			<key>fileRef</key>
			<string>AAD4B7BF1A3906CD00CD3ACE</string>
			<key>isa</key>
			<string>PBXBuildFile</string>
		</dict>
		<key>AAD59B8D1A2107BC006B145C</key>
		<dict>
			<key>fileEncoding</key>
			<string>4</string>
			<key>isa</key>
			<string>PBXFileReference</string>
			<key>lastKnownFileType</key>
			<string>sourcecode.c.h</string>
			<key>path</key>
			<string>SetCreateViewController.h</string>
			<key>sourceTree</key>
			<string>&lt;group&gt;</string>
		</dict>
		<key>AAD59B8E1A2107BC006B145C</key>
		<dict>
			<key>fileEncoding</key>
			<string>4</string>
			<key>isa</key>
			<string>PBXFileReference</string>
			<key>lastKnownFileType</key>
			<string>sourcecode.c.objc</string>
			<key>path</key>
			<string>SetCreateViewController.m</string>
			<key>sourceTree</key>
			<string>&lt;group&gt;</string>
		</dict>
		<key>AAD59B8F1A2107BC006B145C</key>
		<dict>
			<key>fileRef</key>
			<string>AAD59B8E1A2107BC006B145C</string>
			<key>isa</key>
			<string>PBXBuildFile</string>
		</dict>
		<key>AAD59B901A210BC8006B145C</key>
		<dict>
			<key>fileEncoding</key>
			<string>4</string>
			<key>isa</key>
			<string>PBXFileReference</string>
			<key>lastKnownFileType</key>
			<string>sourcecode.c.h</string>
			<key>path</key>
			<string>PushNoAnimationSegue.h</string>
			<key>sourceTree</key>
			<string>&lt;group&gt;</string>
		</dict>
		<key>AAD59B911A210BC8006B145C</key>
		<dict>
			<key>fileEncoding</key>
			<string>4</string>
			<key>isa</key>
			<string>PBXFileReference</string>
			<key>lastKnownFileType</key>
			<string>sourcecode.c.objc</string>
			<key>path</key>
			<string>PushNoAnimationSegue.m</string>
			<key>sourceTree</key>
			<string>&lt;group&gt;</string>
		</dict>
		<key>AAD59B921A210BC8006B145C</key>
		<dict>
			<key>fileRef</key>
			<string>AAD59B911A210BC8006B145C</string>
			<key>isa</key>
			<string>PBXBuildFile</string>
		</dict>
		<key>AAD59B931A210EA5006B145C</key>
		<dict>
			<key>children</key>
			<array>
				<string>AAD277601A07DCED002AA22B</string>
				<string>AAD277611A07DCED002AA22B</string>
				<string>AAC7C6081A32573F00BF73DC</string>
				<string>AAC7C6091A32573F00BF73DC</string>
				<string>AAD277621A07DCED002AA22B</string>
				<string>AAD277631A07DCED002AA22B</string>
				<string>AAE50A171A36298E00A380A1</string>
				<string>AAE50A181A36298E00A380A1</string>
				<string>AAC7C6051A3253FA00BF73DC</string>
				<string>AAC7C6061A3253FA00BF73DC</string>
				<string>AAD44F761A0D64AB00FDB656</string>
				<string>AAD44F771A0D64AB00FDB656</string>
				<string>AAD4B7BE1A3906CD00CD3ACE</string>
				<string>AAD4B7BF1A3906CD00CD3ACE</string>
				<string>AAD4B7BB1A3906A500CD3ACE</string>
				<string>AAD4B7BC1A3906A500CD3ACE</string>
				<string>AAD277641A07DCED002AA22B</string>
			</array>
			<key>isa</key>
			<string>PBXGroup</string>
			<key>name</key>
			<string>Data Objects</string>
			<key>sourceTree</key>
			<string>&lt;group&gt;</string>
		</dict>
		<key>AAD59B951A2110EB006B145C</key>
		<dict>
			<key>children</key>
			<array>
				<string>AAD277661A07DCED002AA22B</string>
				<string>AAD277671A07DCED002AA22B</string>
				<string>AACA80E01A2D041D0003F9F3</string>
				<string>AACA80E11A2D041D0003F9F3</string>
				<string>AAD59B901A210BC8006B145C</string>
				<string>AAD59B911A210BC8006B145C</string>
				<string>AAE5AEDF1A0976F800E73566</string>
				<string>AAE5AEE01A0976F800E73566</string>
			</array>
			<key>isa</key>
			<string>PBXGroup</string>
			<key>name</key>
			<string>Categories &amp; Custom Views</string>
			<key>sourceTree</key>
			<string>&lt;group&gt;</string>
		</dict>
		<key>AAD59B961A21112F006B145C</key>
		<dict>
			<key>children</key>
			<array>
				<string>AAD277541A07DCD9002AA22B</string>
				<string>AAD277551A07DCD9002AA22B</string>
				<string>AAE50A201A363F0A00A380A1</string>
				<string>AAE50A211A363F0A00A380A1</string>
				<string>AAD277561A07DCD9002AA22B</string>
				<string>AAD277571A07DCD9002AA22B</string>
				<string>AAD2775A1A07DCED002AA22B</string>
				<string>AAD2775B1A07DCED002AA22B</string>
				<string>AAD2775C1A07DCED002AA22B</string>
				<string>AAD2775D1A07DCED002AA22B</string>
				<string>AA7562D71A1EAC1E003F5F03</string>
				<string>AA7562D81A1EAC1E003F5F03</string>
				<string>AAD59B8D1A2107BC006B145C</string>
				<string>AAD59B8E1A2107BC006B145C</string>
				<string>AAD7A62C1A1FFE4C00DA8165</string>
				<string>AAD7A62D1A1FFE4C00DA8165</string>
				<string>AAD59B9D1A215A7C006B145C</string>
				<string>AAD59B9E1A215A7C006B145C</string>
				<string>AACDCD021A31073600FEF4F2</string>
				<string>AACDCD031A31073600FEF4F2</string>
				<string>AACA815A1A25320E0014E86F</string>
				<string>AACA815B1A25320E0014E86F</string>
			</array>
			<key>isa</key>
			<string>PBXGroup</string>
			<key>name</key>
			<string>View Controllers</string>
			<key>sourceTree</key>
			<string>&lt;group&gt;</string>
		</dict>
		<key>AAD59B9D1A215A7C006B145C</key>
		<dict>
			<key>fileEncoding</key>
			<string>4</string>
			<key>isa</key>
			<string>PBXFileReference</string>
			<key>lastKnownFileType</key>
			<string>sourcecode.c.h</string>
			<key>path</key>
			<string>SingleSetViewController.h</string>
			<key>sourceTree</key>
			<string>&lt;group&gt;</string>
		</dict>
		<key>AAD59B9E1A215A7C006B145C</key>
		<dict>
			<key>fileEncoding</key>
			<string>4</string>
			<key>isa</key>
			<string>PBXFileReference</string>
			<key>lastKnownFileType</key>
			<string>sourcecode.c.objc</string>
			<key>path</key>
			<string>SingleSetViewController.m</string>
			<key>sourceTree</key>
			<string>&lt;group&gt;</string>
		</dict>
		<key>AAD59B9F1A215A7C006B145C</key>
		<dict>
			<key>fileRef</key>
			<string>AAD59B9E1A215A7C006B145C</string>
			<key>isa</key>
			<string>PBXBuildFile</string>
		</dict>
		<key>AAD7A62C1A1FFE4C00DA8165</key>
		<dict>
			<key>fileEncoding</key>
			<string>4</string>
			<key>isa</key>
			<string>PBXFileReference</string>
			<key>lastKnownFileType</key>
			<string>sourcecode.c.h</string>
			<key>path</key>
			<string>SetsViewController.h</string>
			<key>sourceTree</key>
			<string>&lt;group&gt;</string>
		</dict>
		<key>AAD7A62D1A1FFE4C00DA8165</key>
		<dict>
			<key>fileEncoding</key>
			<string>4</string>
			<key>isa</key>
			<string>PBXFileReference</string>
			<key>lastKnownFileType</key>
			<string>sourcecode.c.objc</string>
			<key>path</key>
			<string>SetsViewController.m</string>
			<key>sourceTree</key>
			<string>&lt;group&gt;</string>
		</dict>
		<key>AAD7A62E1A1FFE4C00DA8165</key>
		<dict>
			<key>fileRef</key>
			<string>AAD7A62D1A1FFE4C00DA8165</string>
			<key>isa</key>
			<string>PBXBuildFile</string>
		</dict>
		<key>AAE50A171A36298E00A380A1</key>
		<dict>
			<key>fileEncoding</key>
			<string>4</string>
			<key>isa</key>
			<string>PBXFileReference</string>
			<key>lastKnownFileType</key>
			<string>sourcecode.c.h</string>
			<key>path</key>
			<string>JokeCD.h</string>
			<key>sourceTree</key>
			<string>&lt;group&gt;</string>
		</dict>
		<key>AAE50A181A36298E00A380A1</key>
		<dict>
			<key>fileEncoding</key>
			<string>4</string>
			<key>isa</key>
			<string>PBXFileReference</string>
			<key>lastKnownFileType</key>
			<string>sourcecode.c.objc</string>
			<key>path</key>
			<string>JokeCD.m</string>
			<key>sourceTree</key>
			<string>&lt;group&gt;</string>
		</dict>
		<key>AAE50A191A36298E00A380A1</key>
		<dict>
			<key>fileRef</key>
			<string>AAE50A181A36298E00A380A1</string>
			<key>isa</key>
			<string>PBXBuildFile</string>
		</dict>
		<key>AAE50A201A363F0A00A380A1</key>
		<dict>
			<key>fileEncoding</key>
			<string>4</string>
			<key>isa</key>
			<string>PBXFileReference</string>
			<key>lastKnownFileType</key>
			<string>sourcecode.c.h</string>
			<key>path</key>
			<string>HomeTabBarController.h</string>
			<key>sourceTree</key>
			<string>&lt;group&gt;</string>
		</dict>
		<key>AAE50A211A363F0A00A380A1</key>
		<dict>
			<key>fileEncoding</key>
			<string>4</string>
			<key>isa</key>
			<string>PBXFileReference</string>
			<key>lastKnownFileType</key>
			<string>sourcecode.c.objc</string>
			<key>path</key>
			<string>HomeTabBarController.m</string>
			<key>sourceTree</key>
			<string>&lt;group&gt;</string>
		</dict>
		<key>AAE50A221A363F0A00A380A1</key>
		<dict>
			<key>fileRef</key>
			<string>AAE50A211A363F0A00A380A1</string>
			<key>isa</key>
			<string>PBXBuildFile</string>
		</dict>
		<key>AAE5AEDF1A0976F800E73566</key>
		<dict>
			<key>fileEncoding</key>
			<string>4</string>
			<key>isa</key>
			<string>PBXFileReference</string>
			<key>lastKnownFileType</key>
			<string>sourcecode.c.h</string>
			<key>path</key>
			<string>JokeCustomCell.h</string>
			<key>sourceTree</key>
			<string>&lt;group&gt;</string>
		</dict>
		<key>AAE5AEE01A0976F800E73566</key>
		<dict>
			<key>fileEncoding</key>
			<string>4</string>
			<key>isa</key>
			<string>PBXFileReference</string>
			<key>lastKnownFileType</key>
			<string>sourcecode.c.objc</string>
			<key>path</key>
			<string>JokeCustomCell.m</string>
			<key>sourceTree</key>
			<string>&lt;group&gt;</string>
		</dict>
		<key>AAE5AEE11A0976F800E73566</key>
		<dict>
			<key>fileRef</key>
			<string>AAE5AEE01A0976F800E73566</string>
			<key>isa</key>
			<string>PBXBuildFile</string>
		</dict>
		<key>AAE5AEE21A098E9100E73566</key>
		<dict>
			<key>fileEncoding</key>
			<string>4</string>
			<key>isa</key>
			<string>PBXFileReference</string>
			<key>lastKnownFileType</key>
			<string>file.storyboard</string>
			<key>path</key>
			<string>Main.storyboard</string>
			<key>sourceTree</key>
			<string>&lt;group&gt;</string>
		</dict>
		<key>AAE5AEE31A098E9100E73566</key>
		<dict>
			<key>fileRef</key>
			<string>AAE5AEE21A098E9100E73566</string>
			<key>isa</key>
			<string>PBXBuildFile</string>
		</dict>
		<key>B34ED5968E866DBF6AE6CFFE</key>
		<dict>
			<key>buildActionMask</key>
			<string>2147483647</string>
			<key>files</key>
			<array/>
			<key>inputPaths</key>
			<array/>
			<key>isa</key>
			<string>PBXShellScriptBuildPhase</string>
			<key>name</key>
			<string>Copy Pods Resources</string>
			<key>outputPaths</key>
			<array/>
			<key>runOnlyForDeploymentPostprocessing</key>
			<string>0</string>
			<key>shellPath</key>
			<string>/bin/sh</string>
			<key>shellScript</key>
			<string>"${SRCROOT}/Pods/Target Support Files/Pods-Jest Notes/Pods-Jest Notes-resources.sh"
</string>
			<key>showEnvVarsInLog</key>
			<string>0</string>
		</dict>
		<key>B447E4A8B5CBFEED1017E4F7</key>
		<dict>
			<key>fileRef</key>
			<string>126624E4144E0691E5C8374B</string>
			<key>isa</key>
			<string>PBXBuildFile</string>
		</dict>
	</dict>
	<key>rootObject</key>
	<string>AAD2771E1A07DC81002AA22B</string>
</dict>
</plist>
