PODS:
  - Bolts (1.1.4)
  - Facebook-iOS-SDK (3.23.0):
    - Bolts (~> 1.0)
  - Parse (1.6.3):
    - Bolts (~> 1.1)
  - ParseFacebookUtils (1.6.3):
    - Facebook-iOS-SDK (~> 3.20)
    - Parse (~> 1.6.3)
  - TPKeyboardAvoiding (1.2.6)

DEPENDENCIES:
  - Facebook-iOS-SDK (~> 3.19)
  - Parse (~> 1.4)
  - ParseFacebookUtils (~> 1.4)
  - TPKeyboardAvoiding

SPEC CHECKSUMS:
  Bolts: dd9fb8433d67f5acc3b6b4d1379bbc5513d716c1
  Facebook-iOS-SDK: 3d65f685348b789e46a9aacf92bfa85b60b63755
  Parse: f725f76ef200c5127420690fc6882e57c3813923
  ParseFacebookUtils: bb14e63862f920cc3f3864b0e373d6771b765255
  TPKeyboardAvoiding: 0797ad5f2366e2435e605202b01f3b7cff5d82cd

COCOAPODS: 0.35.0
