// !$*UTF8*$!
{
	archiveVersion = 1;
	classes = {
	};
	objectVersion = 46;
	objects = {

/* Begin PBXBuildFile section */
		AA7562D41A1EA12D003F5F03 /* SetViewController.m in Sources */ = {isa = PBXBuildFile; fileRef = AA7562D31A1EA12D003F5F03 /* SetViewController.m */; };
		AAC8B1171A13EC9B009FF212 /* JokeCD.m in Sources */ = {isa = PBXBuildFile; fileRef = AAC8B1161A13EC9B009FF212 /* JokeCD.m */; };
		AAD2772C1A07DC81002AA22B /* main.m in Sources */ = {isa = PBXBuildFile; fileRef = AAD2772B1A07DC81002AA22B /* main.m */; };
		AAD2772F1A07DC82002AA22B /* AppDelegate.m in Sources */ = {isa = PBXBuildFile; fileRef = AAD2772E1A07DC82002AA22B /* AppDelegate.m */; };
		AAD2773A1A07DC82002AA22B /* Images.xcassets in Resources */ = {isa = PBXBuildFile; fileRef = AAD277391A07DC82002AA22B /* Images.xcassets */; };
		AAD2773D1A07DC82002AA22B /* LaunchScreen.xib in Resources */ = {isa = PBXBuildFile; fileRef = AAD2773B1A07DC82002AA22B /* LaunchScreen.xib */; };
		AAD277491A07DC82002AA22B /* Jest_NotesTests.m in Sources */ = {isa = PBXBuildFile; fileRef = AAD277481A07DC82002AA22B /* Jest_NotesTests.m */; };
		AAD277581A07DCD9002AA22B /* HomeViewController.m in Sources */ = {isa = PBXBuildFile; fileRef = AAD277551A07DCD9002AA22B /* HomeViewController.m */; };
		AAD277591A07DCD9002AA22B /* SingleJokeViewController.m in Sources */ = {isa = PBXBuildFile; fileRef = AAD277571A07DCD9002AA22B /* SingleJokeViewController.m */; };
		AAD277681A07DCED002AA22B /* CreateViewController.m in Sources */ = {isa = PBXBuildFile; fileRef = AAD2775B1A07DCED002AA22B /* CreateViewController.m */; };
		AAD277691A07DCED002AA22B /* EditViewController.m in Sources */ = {isa = PBXBuildFile; fileRef = AAD2775D1A07DCED002AA22B /* EditViewController.m */; };
		AAD2776B1A07DCED002AA22B /* JokeDataManager.m in Sources */ = {isa = PBXBuildFile; fileRef = AAD277611A07DCED002AA22B /* JokeDataManager.m */; };
		AAD2776C1A07DCED002AA22B /* JokePL.m in Sources */ = {isa = PBXBuildFile; fileRef = AAD277631A07DCED002AA22B /* JokePL.m */; };
		AAD2776D1A07DCED002AA22B /* Jest_Notes.xcdatamodeld in Sources */ = {isa = PBXBuildFile; fileRef = AAD277641A07DCED002AA22B /* Jest_Notes.xcdatamodeld */; };
		AAD2776E1A07DCED002AA22B /* NSObject+NSObject___TerryConvenience.m in Sources */ = {isa = PBXBuildFile; fileRef = AAD277671A07DCED002AA22B /* NSObject+NSObject___TerryConvenience.m */; };
		AAD277701A07DDB8002AA22B /* CoreData.framework in Frameworks */ = {isa = PBXBuildFile; fileRef = AAD2776F1A07DDB8002AA22B /* CoreData.framework */; };
		AAD44F781A0D64AB00FDB656 /* Set.m in Sources */ = {isa = PBXBuildFile; fileRef = AAD44F771A0D64AB00FDB656 /* Set.m */; };
		AAE5AEE11A0976F800E73566 /* JokeCustomCell.m in Sources */ = {isa = PBXBuildFile; fileRef = AAE5AEE01A0976F800E73566 /* JokeCustomCell.m */; };
		AAE5AEE31A098E9100E73566 /* Main.storyboard in Resources */ = {isa = PBXBuildFile; fileRef = AAE5AEE21A098E9100E73566 /* Main.storyboard */; };
/* End PBXBuildFile section */

/* Begin PBXContainerItemProxy section */
		AAD277431A07DC82002AA22B /* PBXContainerItemProxy */ = {
			isa = PBXContainerItemProxy;
			containerPortal = AAD2771E1A07DC81002AA22B /* Project object */;
			proxyType = 1;
			remoteGlobalIDString = AAD277251A07DC81002AA22B;
			remoteInfo = "Jest Notes";
		};
/* End PBXContainerItemProxy section */

/* Begin PBXFileReference section */
		AA7562D21A1EA12D003F5F03 /* SetViewController.h */ = {isa = PBXFileReference; fileEncoding = 4; lastKnownFileType = sourcecode.c.h; path = SetViewController.h; sourceTree = "<group>"; };
		AA7562D31A1EA12D003F5F03 /* SetViewController.m */ = {isa = PBXFileReference; fileEncoding = 4; lastKnownFileType = sourcecode.c.objc; path = SetViewController.m; sourceTree = "<group>"; };
		AAC8B1151A13EC9B009FF212 /* JokeCD.h */ = {isa = PBXFileReference; fileEncoding = 4; lastKnownFileType = sourcecode.c.h; path = JokeCD.h; sourceTree = "<group>"; };
		AAC8B1161A13EC9B009FF212 /* JokeCD.m */ = {isa = PBXFileReference; fileEncoding = 4; lastKnownFileType = sourcecode.c.objc; path = JokeCD.m; sourceTree = "<group>"; };
		AAD277261A07DC81002AA22B /* Jest Notes.app */ = {isa = PBXFileReference; explicitFileType = wrapper.application; includeInIndex = 0; path = "Jest Notes.app"; sourceTree = BUILT_PRODUCTS_DIR; };
		AAD2772A1A07DC81002AA22B /* Info.plist */ = {isa = PBXFileReference; lastKnownFileType = text.plist.xml; path = Info.plist; sourceTree = "<group>"; };
		AAD2772B1A07DC81002AA22B /* main.m */ = {isa = PBXFileReference; lastKnownFileType = sourcecode.c.objc; path = main.m; sourceTree = "<group>"; };
		AAD2772D1A07DC81002AA22B /* AppDelegate.h */ = {isa = PBXFileReference; lastKnownFileType = sourcecode.c.h; path = AppDelegate.h; sourceTree = "<group>"; };
		AAD2772E1A07DC82002AA22B /* AppDelegate.m */ = {isa = PBXFileReference; lastKnownFileType = sourcecode.c.objc; path = AppDelegate.m; sourceTree = "<group>"; };
		AAD277391A07DC82002AA22B /* Images.xcassets */ = {isa = PBXFileReference; lastKnownFileType = folder.assetcatalog; path = Images.xcassets; sourceTree = "<group>"; };
		AAD2773C1A07DC82002AA22B /* Base */ = {isa = PBXFileReference; lastKnownFileType = file.xib; name = Base; path = Base.lproj/LaunchScreen.xib; sourceTree = "<group>"; };
		AAD277421A07DC82002AA22B /* Jest NotesTests.xctest */ = {isa = PBXFileReference; explicitFileType = wrapper.cfbundle; includeInIndex = 0; path = "Jest NotesTests.xctest"; sourceTree = BUILT_PRODUCTS_DIR; };
		AAD277471A07DC82002AA22B /* Info.plist */ = {isa = PBXFileReference; lastKnownFileType = text.plist.xml; path = Info.plist; sourceTree = "<group>"; };
		AAD277481A07DC82002AA22B /* Jest_NotesTests.m */ = {isa = PBXFileReference; lastKnownFileType = sourcecode.c.objc; path = Jest_NotesTests.m; sourceTree = "<group>"; };
		AAD277541A07DCD9002AA22B /* HomeViewController.h */ = {isa = PBXFileReference; fileEncoding = 4; lastKnownFileType = sourcecode.c.h; path = HomeViewController.h; sourceTree = "<group>"; };
		AAD277551A07DCD9002AA22B /* HomeViewController.m */ = {isa = PBXFileReference; fileEncoding = 4; lastKnownFileType = sourcecode.c.objc; path = HomeViewController.m; sourceTree = "<group>"; };
		AAD277561A07DCD9002AA22B /* SingleJokeViewController.h */ = {isa = PBXFileReference; fileEncoding = 4; lastKnownFileType = sourcecode.c.h; path = SingleJokeViewController.h; sourceTree = "<group>"; };
		AAD277571A07DCD9002AA22B /* SingleJokeViewController.m */ = {isa = PBXFileReference; fileEncoding = 4; lastKnownFileType = sourcecode.c.objc; path = SingleJokeViewController.m; sourceTree = "<group>"; };
		AAD2775A1A07DCED002AA22B /* CreateViewController.h */ = {isa = PBXFileReference; fileEncoding = 4; lastKnownFileType = sourcecode.c.h; path = CreateViewController.h; sourceTree = "<group>"; };
		AAD2775B1A07DCED002AA22B /* CreateViewController.m */ = {isa = PBXFileReference; fileEncoding = 4; lastKnownFileType = sourcecode.c.objc; path = CreateViewController.m; sourceTree = "<group>"; };
		AAD2775C1A07DCED002AA22B /* EditViewController.h */ = {isa = PBXFileReference; fileEncoding = 4; lastKnownFileType = sourcecode.c.h; path = EditViewController.h; sourceTree = "<group>"; };
		AAD2775D1A07DCED002AA22B /* EditViewController.m */ = {isa = PBXFileReference; fileEncoding = 4; lastKnownFileType = sourcecode.c.objc; path = EditViewController.m; sourceTree = "<group>"; };
		AAD277601A07DCED002AA22B /* JokeDataManager.h */ = {isa = PBXFileReference; fileEncoding = 4; lastKnownFileType = sourcecode.c.h; path = JokeDataManager.h; sourceTree = "<group>"; };
		AAD277611A07DCED002AA22B /* JokeDataManager.m */ = {isa = PBXFileReference; fileEncoding = 4; lastKnownFileType = sourcecode.c.objc; path = JokeDataManager.m; sourceTree = "<group>"; };
		AAD277621A07DCED002AA22B /* JokePL.h */ = {isa = PBXFileReference; fileEncoding = 4; lastKnownFileType = sourcecode.c.h; path = JokePL.h; sourceTree = "<group>"; };
		AAD277631A07DCED002AA22B /* JokePL.m */ = {isa = PBXFileReference; fileEncoding = 4; lastKnownFileType = sourcecode.c.objc; path = JokePL.m; sourceTree = "<group>"; };
		AAD277651A07DCED002AA22B /* Jest_Notes.xcdatamodel */ = {isa = PBXFileReference; lastKnownFileType = wrapper.xcdatamodel; path = Jest_Notes.xcdatamodel; sourceTree = "<group>"; };
		AAD277661A07DCED002AA22B /* NSObject+NSObject___TerryConvenience.h */ = {isa = PBXFileReference; fileEncoding = 4; lastKnownFileType = sourcecode.c.h; path = "NSObject+NSObject___TerryConvenience.h"; sourceTree = "<group>"; };
		AAD277671A07DCED002AA22B /* NSObject+NSObject___TerryConvenience.m */ = {isa = PBXFileReference; fileEncoding = 4; lastKnownFileType = sourcecode.c.objc; path = "NSObject+NSObject___TerryConvenience.m"; sourceTree = "<group>"; };
		AAD2776F1A07DDB8002AA22B /* CoreData.framework */ = {isa = PBXFileReference; lastKnownFileType = wrapper.framework; name = CoreData.framework; path = System/Library/Frameworks/CoreData.framework; sourceTree = SDKROOT; };
		AAD44F761A0D64AB00FDB656 /* Set.h */ = {isa = PBXFileReference; fileEncoding = 4; lastKnownFileType = sourcecode.c.h; path = Set.h; sourceTree = "<group>"; };
		AAD44F771A0D64AB00FDB656 /* Set.m */ = {isa = PBXFileReference; fileEncoding = 4; lastKnownFileType = sourcecode.c.objc; path = Set.m; sourceTree = "<group>"; };
		AAE5AEDF1A0976F800E73566 /* JokeCustomCell.h */ = {isa = PBXFileReference; fileEncoding = 4; lastKnownFileType = sourcecode.c.h; path = JokeCustomCell.h; sourceTree = "<group>"; };
		AAE5AEE01A0976F800E73566 /* JokeCustomCell.m */ = {isa = PBXFileReference; fileEncoding = 4; lastKnownFileType = sourcecode.c.objc; path = JokeCustomCell.m; sourceTree = "<group>"; };
		AAE5AEE21A098E9100E73566 /* Main.storyboard */ = {isa = PBXFileReference; fileEncoding = 4; lastKnownFileType = file.storyboard; path = Main.storyboard; sourceTree = "<group>"; };
/* End PBXFileReference section */

/* Begin PBXFrameworksBuildPhase section */
		AAD277231A07DC81002AA22B /* Frameworks */ = {
			isa = PBXFrameworksBuildPhase;
			buildActionMask = 2147483647;
			files = (
				AAD277701A07DDB8002AA22B /* CoreData.framework in Frameworks */,
			);
			runOnlyForDeploymentPostprocessing = 0;
		};
		AAD2773F1A07DC82002AA22B /* Frameworks */ = {
			isa = PBXFrameworksBuildPhase;
			buildActionMask = 2147483647;
			files = (
			);
			runOnlyForDeploymentPostprocessing = 0;
		};
/* End PBXFrameworksBuildPhase section */

/* Begin PBXGroup section */
		AAD2771D1A07DC81002AA22B = {
			isa = PBXGroup;
			children = (
				AAD2776F1A07DDB8002AA22B /* CoreData.framework */,
				AAD277281A07DC81002AA22B /* Jest Notes */,
				AAD277451A07DC82002AA22B /* Jest NotesTests */,
				AAD277271A07DC81002AA22B /* Products */,
			);
			sourceTree = "<group>";
		};
		AAD277271A07DC81002AA22B /* Products */ = {
			isa = PBXGroup;
			children = (
				AAD277261A07DC81002AA22B /* Jest Notes.app */,
				AAD277421A07DC82002AA22B /* Jest NotesTests.xctest */,
			);
			name = Products;
			sourceTree = "<group>";
		};
		AAD277281A07DC81002AA22B /* Jest Notes */ = {
			isa = PBXGroup;
			children = (
				AAD2772D1A07DC81002AA22B /* AppDelegate.h */,
				AAD2772E1A07DC82002AA22B /* AppDelegate.m */,
				AAE5AEE21A098E9100E73566 /* Main.storyboard */,
				AAD277541A07DCD9002AA22B /* HomeViewController.h */,
				AAD277551A07DCD9002AA22B /* HomeViewController.m */,
				AAE5AEDF1A0976F800E73566 /* JokeCustomCell.h */,
				AAE5AEE01A0976F800E73566 /* JokeCustomCell.m */,
				AAD277561A07DCD9002AA22B /* SingleJokeViewController.h */,
				AAD277571A07DCD9002AA22B /* SingleJokeViewController.m */,
				AAD2775A1A07DCED002AA22B /* CreateViewController.h */,
				AAD2775B1A07DCED002AA22B /* CreateViewController.m */,
				AAD2775C1A07DCED002AA22B /* EditViewController.h */,
				AAD2775D1A07DCED002AA22B /* EditViewController.m */,
				AA7562D21A1EA12D003F5F03 /* SetViewController.h */,
				AA7562D31A1EA12D003F5F03 /* SetViewController.m */,
				AAD44F761A0D64AB00FDB656 /* Set.h */,
				AAD44F771A0D64AB00FDB656 /* Set.m */,
				AAD277621A07DCED002AA22B /* JokePL.h */,
				AAD277631A07DCED002AA22B /* JokePL.m */,
				AAC8B1151A13EC9B009FF212 /* JokeCD.h */,
				AAC8B1161A13EC9B009FF212 /* JokeCD.m */,
				AAD277601A07DCED002AA22B /* JokeDataManager.h */,
				AAD277611A07DCED002AA22B /* JokeDataManager.m */,
				AAD277641A07DCED002AA22B /* Jest_Notes.xcdatamodeld */,
				AAD277661A07DCED002AA22B /* NSObject+NSObject___TerryConvenience.h */,
				AAD277671A07DCED002AA22B /* NSObject+NSObject___TerryConvenience.m */,
				AAD277391A07DC82002AA22B /* Images.xcassets */,
				AAD2773B1A07DC82002AA22B /* LaunchScreen.xib */,
				AAD277291A07DC81002AA22B /* Supporting Files */,
			);
			path = "Jest Notes";
			sourceTree = "<group>";
		};
		AAD277291A07DC81002AA22B /* Supporting Files */ = {
			isa = PBXGroup;
			children = (
				AAD2772A1A07DC81002AA22B /* Info.plist */,
				AAD2772B1A07DC81002AA22B /* main.m */,
			);
			name = "Supporting Files";
			sourceTree = "<group>";
		};
		AAD277451A07DC82002AA22B /* Jest NotesTests */ = {
			isa = PBXGroup;
			children = (
				AAD277481A07DC82002AA22B /* Jest_NotesTests.m */,
				AAD277461A07DC82002AA22B /* Supporting Files */,
			);
			path = "Jest NotesTests";
			sourceTree = "<group>";
		};
		AAD277461A07DC82002AA22B /* Supporting Files */ = {
			isa = PBXGroup;
			children = (
				AAD277471A07DC82002AA22B /* Info.plist */,
			);
			name = "Supporting Files";
			sourceTree = "<group>";
		};
/* End PBXGroup section */

/* Begin PBXNativeTarget section */
		AAD277251A07DC81002AA22B /* Jest Notes */ = {
			isa = PBXNativeTarget;
			buildConfigurationList = AAD2774C1A07DC82002AA22B /* Build configuration list for PBXNativeTarget "Jest Notes" */;
			buildPhases = (
				AAD277221A07DC81002AA22B /* Sources */,
				AAD277231A07DC81002AA22B /* Frameworks */,
				AAD277241A07DC81002AA22B /* Resources */,
			);
			buildRules = (
			);
			dependencies = (
			);
			name = "Jest Notes";
			productName = "Jest Notes";
			productReference = AAD277261A07DC81002AA22B /* Jest Notes.app */;
			productType = "com.apple.product-type.application";
		};
		AAD277411A07DC82002AA22B /* Jest NotesTests */ = {
			isa = PBXNativeTarget;
			buildConfigurationList = AAD2774F1A07DC82002AA22B /* Build configuration list for PBXNativeTarget "Jest NotesTests" */;
			buildPhases = (
				AAD2773E1A07DC82002AA22B /* Sources */,
				AAD2773F1A07DC82002AA22B /* Frameworks */,
				AAD277401A07DC82002AA22B /* Resources */,
			);
			buildRules = (
			);
			dependencies = (
				AAD277441A07DC82002AA22B /* PBXTargetDependency */,
			);
			name = "Jest NotesTests";
			productName = "Jest NotesTests";
			productReference = AAD277421A07DC82002AA22B /* Jest NotesTests.xctest */;
			productType = "com.apple.product-type.bundle.unit-test";
		};
/* End PBXNativeTarget section */

/* Begin PBXProject section */
		AAD2771E1A07DC81002AA22B /* Project object */ = {
			isa = PBXProject;
			attributes = {
				LastUpgradeCheck = 0610;
				ORGANIZATIONNAME = TerryBuOrganization;
				TargetAttributes = {
					AAD277251A07DC81002AA22B = {
						CreatedOnToolsVersion = 6.1;
					};
					AAD277411A07DC82002AA22B = {
						CreatedOnToolsVersion = 6.1;
						TestTargetID = AAD277251A07DC81002AA22B;
					};
				};
			};
			buildConfigurationList = AAD277211A07DC81002AA22B /* Build configuration list for PBXProject "Jest Notes" */;
			compatibilityVersion = "Xcode 3.2";
			developmentRegion = English;
			hasScannedForEncodings = 0;
			knownRegions = (
				en,
				Base,
			);
			mainGroup = AAD2771D1A07DC81002AA22B;
			productRefGroup = AAD277271A07DC81002AA22B /* Products */;
			projectDirPath = "";
			projectRoot = "";
			targets = (
				AAD277251A07DC81002AA22B /* Jest Notes */,
				AAD277411A07DC82002AA22B /* Jest NotesTests */,
			);
		};
/* End PBXProject section */

/* Begin PBXResourcesBuildPhase section */
		AAD277241A07DC81002AA22B /* Resources */ = {
			isa = PBXResourcesBuildPhase;
			buildActionMask = 2147483647;
			files = (
				AAE5AEE31A098E9100E73566 /* Main.storyboard in Resources */,
				AAD2773D1A07DC82002AA22B /* LaunchScreen.xib in Resources */,
				AAD2773A1A07DC82002AA22B /* Images.xcassets in Resources */,
			);
			runOnlyForDeploymentPostprocessing = 0;
		};
		AAD277401A07DC82002AA22B /* Resources */ = {
			isa = PBXResourcesBuildPhase;
			buildActionMask = 2147483647;
			files = (
			);
			runOnlyForDeploymentPostprocessing = 0;
		};
/* End PBXResourcesBuildPhase section */

/* Begin PBXSourcesBuildPhase section */
		AAD277221A07DC81002AA22B /* Sources */ = {
			isa = PBXSourcesBuildPhase;
			buildActionMask = 2147483647;
			files = (
				AAD2772F1A07DC82002AA22B /* AppDelegate.m in Sources */,
				AAD277681A07DCED002AA22B /* CreateViewController.m in Sources */,
				AAD277691A07DCED002AA22B /* EditViewController.m in Sources */,
				AA7562D41A1EA12D003F5F03 /* SetViewController.m in Sources */,
				AAE5AEE11A0976F800E73566 /* JokeCustomCell.m in Sources */,
				AAD2776E1A07DCED002AA22B /* NSObject+NSObject___TerryConvenience.m in Sources */,
				AAD277581A07DCD9002AA22B /* HomeViewController.m in Sources */,
				AAD2776C1A07DCED002AA22B /* JokePL.m in Sources */,
				AAC8B1171A13EC9B009FF212 /* JokeCD.m in Sources */,
				AAD2772C1A07DC81002AA22B /* main.m in Sources */,
				AAD44F781A0D64AB00FDB656 /* Set.m in Sources */,
				AAD2776B1A07DCED002AA22B /* JokeDataManager.m in Sources */,
				AAD277591A07DCD9002AA22B /* SingleJokeViewController.m in Sources */,
				AAD2776D1A07DCED002AA22B /* Jest_Notes.xcdatamodeld in Sources */,
			);
			runOnlyForDeploymentPostprocessing = 0;
		};
		AAD2773E1A07DC82002AA22B /* Sources */ = {
			isa = PBXSourcesBuildPhase;
			buildActionMask = 2147483647;
			files = (
				AAD277491A07DC82002AA22B /* Jest_NotesTests.m in Sources */,
			);
			runOnlyForDeploymentPostprocessing = 0;
		};
/* End PBXSourcesBuildPhase section */

/* Begin PBXTargetDependency section */
		AAD277441A07DC82002AA22B /* PBXTargetDependency */ = {
			isa = PBXTargetDependency;
			target = AAD277251A07DC81002AA22B /* Jest Notes */;
			targetProxy = AAD277431A07DC82002AA22B /* PBXContainerItemProxy */;
		};
/* End PBXTargetDependency section */

/* Begin PBXVariantGroup section */
		AAD2773B1A07DC82002AA22B /* LaunchScreen.xib */ = {
			isa = PBXVariantGroup;
			children = (
				AAD2773C1A07DC82002AA22B /* Base */,
			);
			name = LaunchScreen.xib;
			sourceTree = "<group>";
		};
/* End PBXVariantGroup section */

/* Begin XCBuildConfiguration section */
		AAD2774A1A07DC82002AA22B /* Debug */ = {
			isa = XCBuildConfiguration;
			buildSettings = {
				ALWAYS_SEARCH_USER_PATHS = NO;
				CLANG_CXX_LANGUAGE_STANDARD = "gnu++0x";
				CLANG_CXX_LIBRARY = "libc++";
				CLANG_ENABLE_MODULES = YES;
				CLANG_ENABLE_OBJC_ARC = YES;
				CLANG_WARN_BOOL_CONVERSION = YES;
				CLANG_WARN_CONSTANT_CONVERSION = YES;
				CLANG_WARN_DIRECT_OBJC_ISA_USAGE = YES_ERROR;
				CLANG_WARN_EMPTY_BODY = YES;
				CLANG_WARN_ENUM_CONVERSION = YES;
				CLANG_WARN_INT_CONVERSION = YES;
				CLANG_WARN_OBJC_ROOT_CLASS = YES_ERROR;
				CLANG_WARN_UNREACHABLE_CODE = YES;
				CLANG_WARN__DUPLICATE_METHOD_MATCH = YES;
				"CODE_SIGN_IDENTITY[sdk=iphoneos*]" = "iPhone Developer";
				COPY_PHASE_STRIP = NO;
				ENABLE_STRICT_OBJC_MSGSEND = YES;
				GCC_C_LANGUAGE_STANDARD = gnu99;
				GCC_DYNAMIC_NO_PIC = NO;
				GCC_OPTIMIZATION_LEVEL = 0;
				GCC_PREPROCESSOR_DEFINITIONS = (
					"DEBUG=1",
					"$(inherited)",
				);
				GCC_SYMBOLS_PRIVATE_EXTERN = NO;
				GCC_WARN_64_TO_32_BIT_CONVERSION = YES;
				GCC_WARN_ABOUT_RETURN_TYPE = YES_ERROR;
				GCC_WARN_UNDECLARED_SELECTOR = YES;
				GCC_WARN_UNINITIALIZED_AUTOS = YES_AGGRESSIVE;
				GCC_WARN_UNUSED_FUNCTION = YES;
				GCC_WARN_UNUSED_VARIABLE = YES;
				IPHONEOS_DEPLOYMENT_TARGET = 8.1;
				MTL_ENABLE_DEBUG_INFO = YES;
				ONLY_ACTIVE_ARCH = YES;
				SDKROOT = iphoneos;
				TARGETED_DEVICE_FAMILY = "1,2";
			};
			name = Debug;
		};
		AAD2774B1A07DC82002AA22B /* Release */ = {
			isa = XCBuildConfiguration;
			buildSettings = {
				ALWAYS_SEARCH_USER_PATHS = NO;
				CLANG_CXX_LANGUAGE_STANDARD = "gnu++0x";
				CLANG_CXX_LIBRARY = "libc++";
				CLANG_ENABLE_MODULES = YES;
				CLANG_ENABLE_OBJC_ARC = YES;
				CLANG_WARN_BOOL_CONVERSION = YES;
				CLANG_WARN_CONSTANT_CONVERSION = YES;
				CLANG_WARN_DIRECT_OBJC_ISA_USAGE = YES_ERROR;
				CLANG_WARN_EMPTY_BODY = YES;
				CLANG_WARN_ENUM_CONVERSION = YES;
				CLANG_WARN_INT_CONVERSION = YES;
				CLANG_WARN_OBJC_ROOT_CLASS = YES_ERROR;
				CLANG_WARN_UNREACHABLE_CODE = YES;
				CLANG_WARN__DUPLICATE_METHOD_MATCH = YES;
				"CODE_SIGN_IDENTITY[sdk=iphoneos*]" = "iPhone Developer";
				COPY_PHASE_STRIP = YES;
				ENABLE_NS_ASSERTIONS = NO;
				ENABLE_STRICT_OBJC_MSGSEND = YES;
				GCC_C_LANGUAGE_STANDARD = gnu99;
				GCC_WARN_64_TO_32_BIT_CONVERSION = YES;
				GCC_WARN_ABOUT_RETURN_TYPE = YES_ERROR;
				GCC_WARN_UNDECLARED_SELECTOR = YES;
				GCC_WARN_UNINITIALIZED_AUTOS = YES_AGGRESSIVE;
				GCC_WARN_UNUSED_FUNCTION = YES;
				GCC_WARN_UNUSED_VARIABLE = YES;
				IPHONEOS_DEPLOYMENT_TARGET = 8.1;
				MTL_ENABLE_DEBUG_INFO = NO;
				SDKROOT = iphoneos;
				TARGETED_DEVICE_FAMILY = "1,2";
				VALIDATE_PRODUCT = YES;
			};
			name = Release;
		};
		AAD2774D1A07DC82002AA22B /* Debug */ = {
			isa = XCBuildConfiguration;
			buildSettings = {
				ASSETCATALOG_COMPILER_APPICON_NAME = AppIcon;
				INFOPLIST_FILE = "Jest Notes/Info.plist";
				LD_RUNPATH_SEARCH_PATHS = "$(inherited) @executable_path/Frameworks";
				PRODUCT_NAME = "$(TARGET_NAME)";
			};
			name = Debug;
		};
		AAD2774E1A07DC82002AA22B /* Release */ = {
			isa = XCBuildConfiguration;
			buildSettings = {
				ASSETCATALOG_COMPILER_APPICON_NAME = AppIcon;
				INFOPLIST_FILE = "Jest Notes/Info.plist";
				LD_RUNPATH_SEARCH_PATHS = "$(inherited) @executable_path/Frameworks";
				PRODUCT_NAME = "$(TARGET_NAME)";
			};
			name = Release;
		};
		AAD277501A07DC82002AA22B /* Debug */ = {
			isa = XCBuildConfiguration;
			buildSettings = {
				BUNDLE_LOADER = "$(TEST_HOST)";
				FRAMEWORK_SEARCH_PATHS = (
					"$(SDKROOT)/Developer/Library/Frameworks",
					"$(inherited)",
				);
				GCC_PREPROCESSOR_DEFINITIONS = (
					"DEBUG=1",
					"$(inherited)",
				);
				INFOPLIST_FILE = "Jest NotesTests/Info.plist";
				LD_RUNPATH_SEARCH_PATHS = "$(inherited) @executable_path/Frameworks @loader_path/Frameworks";
				PRODUCT_NAME = "$(TARGET_NAME)";
				TEST_HOST = "$(BUILT_PRODUCTS_DIR)/Jest Notes.app/Jest Notes";
			};
			name = Debug;
		};
		AAD277511A07DC82002AA22B /* Release */ = {
			isa = XCBuildConfiguration;
			buildSettings = {
				BUNDLE_LOADER = "$(TEST_HOST)";
				FRAMEWORK_SEARCH_PATHS = (
					"$(SDKROOT)/Developer/Library/Frameworks",
					"$(inherited)",
				);
				INFOPLIST_FILE = "Jest NotesTests/Info.plist";
				LD_RUNPATH_SEARCH_PATHS = "$(inherited) @executable_path/Frameworks @loader_path/Frameworks";
				PRODUCT_NAME = "$(TARGET_NAME)";
				TEST_HOST = "$(BUILT_PRODUCTS_DIR)/Jest Notes.app/Jest Notes";
			};
			name = Release;
		};
/* End XCBuildConfiguration section */

/* Begin XCConfigurationList section */
		AAD277211A07DC81002AA22B /* Build configuration list for PBXProject "Jest Notes" */ = {
			isa = XCConfigurationList;
			buildConfigurations = (
				AAD2774A1A07DC82002AA22B /* Debug */,
				AAD2774B1A07DC82002AA22B /* Release */,
			);
			defaultConfigurationIsVisible = 0;
			defaultConfigurationName = Release;
		};
		AAD2774C1A07DC82002AA22B /* Build configuration list for PBXNativeTarget "Jest Notes" */ = {
			isa = XCConfigurationList;
			buildConfigurations = (
				AAD2774D1A07DC82002AA22B /* Debug */,
				AAD2774E1A07DC82002AA22B /* Release */,
			);
			defaultConfigurationIsVisible = 0;
			defaultConfigurationName = Release;
		};
		AAD2774F1A07DC82002AA22B /* Build configuration list for PBXNativeTarget "Jest NotesTests" */ = {
			isa = XCConfigurationList;
			buildConfigurations = (
				AAD277501A07DC82002AA22B /* Debug */,
				AAD277511A07DC82002AA22B /* Release */,
			);
			defaultConfigurationIsVisible = 0;
			defaultConfigurationName = Release;
		};
/* End XCConfigurationList section */

/* Begin XCVersionGroup section */
		AAD277641A07DCED002AA22B /* Jest_Notes.xcdatamodeld */ = {
			isa = XCVersionGroup;
			children = (
				AAD277651A07DCED002AA22B /* Jest_Notes.xcdatamodel */,
			);
			currentVersion = AAD277651A07DCED002AA22B /* Jest_Notes.xcdatamodel */;
			path = Jest_Notes.xcdatamodeld;
			sourceTree = "<group>";
			versionGroupType = wrapper.xcdatamodel;
		};
/* End XCVersionGroup section */
	};
	rootObject = AAD2771E1A07DC81002AA22B /* Project object */;
}
